// !$*UTF8*$!
{
	archiveVersion = 1;
	classes = {
	};
	objectVersion = 46;
	objects = {

/* Begin PBXBuildFile section */
		2217A7B068C3958B34FC5DE9 /* Pods_GeriatricHelper.framework in Frameworks */ = {isa = PBXBuildFile; fileRef = 4EA09AF322E24D40665776C4 /* Pods_GeriatricHelper.framework */; };
		2B036ACD1EAE3FC900E4E6AA /* CGAPublicMultipleCategories.swift in Sources */ = {isa = PBXBuildFile; fileRef = 2B036ACC1EAE3FC900E4E6AA /* CGAPublicMultipleCategories.swift */; };
		2B036ACF1EAE42F900E4E6AA /* QuestionCategory.swift in Sources */ = {isa = PBXBuildFile; fileRef = 2B036ACE1EAE42F900E4E6AA /* QuestionCategory.swift */; };
		2B036AD11EAE4AF700E4E6AA /* QuestionCategoryViewController.swift in Sources */ = {isa = PBXBuildFile; fileRef = 2B036AD01EAE4AF700E4E6AA /* QuestionCategoryViewController.swift */; };
		2B0AD75A1F1E065600D8D1C5 /* SettingsTableViewController.swift in Sources */ = {isa = PBXBuildFile; fileRef = 2B0AD7591F1E065600D8D1C5 /* SettingsTableViewController.swift */; };
		2B0B7E971F1CD0BF00599486 /* FirebaseStorageHelper.swift in Sources */ = {isa = PBXBuildFile; fileRef = 2B0B7E961F1CD0BF00599486 /* FirebaseStorageHelper.swift */; };
		2B14B3011EA0D57400F08C05 /* FavoritePatientsCollectionViewController.swift in Sources */ = {isa = PBXBuildFile; fileRef = 2B14B3001EA0D57400F08C05 /* FavoritePatientsCollectionViewController.swift */; };
		2B21ABBC1E9FEE3A001D6F66 /* User.swift in Sources */ = {isa = PBXBuildFile; fileRef = 2B21ABBA1E9FEE3A001D6F66 /* User.swift */; };
		2B21ABC11E9FEE7B001D6F66 /* PatientsListTableViewController.swift in Sources */ = {isa = PBXBuildFile; fileRef = 2B21ABBE1E9FEE7B001D6F66 /* PatientsListTableViewController.swift */; };
		2B21ABC21E9FEE7B001D6F66 /* LoginViewController.swift in Sources */ = {isa = PBXBuildFile; fileRef = 2B21ABBF1E9FEE7B001D6F66 /* LoginViewController.swift */; };
		2B242B281EACC63A0029FFF3 /* PatientsManagement.swift in Sources */ = {isa = PBXBuildFile; fileRef = 2B242B271EACC63A0029FFF3 /* PatientsManagement.swift */; };
		2B2B8BA71ECF8D17007BC03B /* InitialSetup.swift in Sources */ = {isa = PBXBuildFile; fileRef = 2B2B8BA61ECF8D17007BC03B /* InitialSetup.swift */; };
		2B2D3A121EACDF04007E7A28 /* PatientInfoCard.swift in Sources */ = {isa = PBXBuildFile; fileRef = 2B2D3A101EACDF04007E7A28 /* PatientInfoCard.swift */; };
		2B2D3A131EACDF04007E7A28 /* PatientInfoCard.xib in Resources */ = {isa = PBXBuildFile; fileRef = 2B2D3A111EACDF04007E7A28 /* PatientInfoCard.xib */; };
		2B389CC51ED0D9CB00C27E6E /* SessionPDFComposer.swift in Sources */ = {isa = PBXBuildFile; fileRef = 2B389CC41ED0D9CB00C27E6E /* SessionPDFComposer.swift */; };
		2B389CC71ED0D9F300C27E6E /* CustomPrintPageRenderer.swift in Sources */ = {isa = PBXBuildFile; fileRef = 2B389CC61ED0D9F300C27E6E /* CustomPrintPageRenderer.swift */; };
		2B3BCD4F1EA4F8910025EF6A /* FavoritePatientCellCollectionViewCell.swift in Sources */ = {isa = PBXBuildFile; fileRef = 2B3BCD4E1EA4F8910025EF6A /* FavoritePatientCellCollectionViewCell.swift */; };
		2B424FEC1EA2A3470010E4F8 /* PatientSessionsTableViewController.swift in Sources */ = {isa = PBXBuildFile; fileRef = 2B424FEB1EA2A3470010E4F8 /* PatientSessionsTableViewController.swift */; };
		2B424FEE1EA2A47E0010E4F8 /* Session.swift in Sources */ = {isa = PBXBuildFile; fileRef = 2B424FED1EA2A47E0010E4F8 /* Session.swift */; };
		2B424FF01EA2AE930010E4F8 /* SessionScalesViewController.swift in Sources */ = {isa = PBXBuildFile; fileRef = 2B424FEF1EA2AE930010E4F8 /* SessionScalesViewController.swift */; };
		2B424FF21EA2AFE50010E4F8 /* GeriatricScale.swift in Sources */ = {isa = PBXBuildFile; fileRef = 2B424FF11EA2AFE50010E4F8 /* GeriatricScale.swift */; };
		2B424FF41EA2BE5D0010E4F8 /* SessionsTableViewController.swift in Sources */ = {isa = PBXBuildFile; fileRef = 2B424FF31EA2BE5D0010E4F8 /* SessionsTableViewController.swift */; };
		2B4957D31EAE5609009DDF91 /* YesNoQuestionTableViewCell.swift in Sources */ = {isa = PBXBuildFile; fileRef = 2B4957D11EAE5609009DDF91 /* YesNoQuestionTableViewCell.swift */; };
		2B4957D41EAE5609009DDF91 /* YesNoQuestionTableViewCell.xib in Resources */ = {isa = PBXBuildFile; fileRef = 2B4957D21EAE5609009DDF91 /* YesNoQuestionTableViewCell.xib */; };
		2B4ADBE21EA54ECE00972332 /* AccountViewController.swift in Sources */ = {isa = PBXBuildFile; fileRef = 2B4ADBE11EA54ECE00972332 /* AccountViewController.swift */; };
		2B4BDD921F1CC2B600104D6C /* CGAGuideAreasCollectionViewController.swift in Sources */ = {isa = PBXBuildFile; fileRef = 2B4BDD911F1CC2B600104D6C /* CGAGuideAreasCollectionViewController.swift */; };
		2B50F1731EA9470800E4B762 /* CGAPublic.storyboard in Resources */ = {isa = PBXBuildFile; fileRef = 2B50F1721EA9470800E4B762 /* CGAPublic.storyboard */; };
		2B50F1761EA9498B00E4B762 /* CGAPublicScalesQuestions.swift in Sources */ = {isa = PBXBuildFile; fileRef = 2B50F1751EA9498B00E4B762 /* CGAPublicScalesQuestions.swift */; };
		2B52C10D1EAFDD3000B5D02E /* FirebaseHelper.swift in Sources */ = {isa = PBXBuildFile; fileRef = 2B52C10C1EAFDD3000B5D02E /* FirebaseHelper.swift */; };
		2B5636E61EA4067800D8E75C /* MasterViewController.swift in Sources */ = {isa = PBXBuildFile; fileRef = 2B5636E51EA4067800D8E75C /* MasterViewController.swift */; };
		2B5636E81EA406AF00D8E75C /* DetailViewController.swift in Sources */ = {isa = PBXBuildFile; fileRef = 2B5636E71EA406AF00D8E75C /* DetailViewController.swift */; };
		2B5636EA1EA406D800D8E75C /* Patient2.swift in Sources */ = {isa = PBXBuildFile; fileRef = 2B5636E91EA406D800D8E75C /* Patient2.swift */; };
		2B59480C1EACB3DD0052EC98 /* Patients.storyboard in Resources */ = {isa = PBXBuildFile; fileRef = 2B59480B1EACB3DD0052EC98 /* Patients.storyboard */; };
		2B59480E1EACB6170052EC98 /* CreatePatientViewController.swift in Sources */ = {isa = PBXBuildFile; fileRef = 2B59480D1EACB6170052EC98 /* CreatePatientViewController.swift */; };
		2B5B260F1ECF967300A60F14 /* AppIntro.swift in Sources */ = {isa = PBXBuildFile; fileRef = 2B5B260E1ECF967300A60F14 /* AppIntro.swift */; };
		2B616AE61ED339580056590E /* PrivateArea.storyboard in Resources */ = {isa = PBXBuildFile; fileRef = 2B616AE41ED339580056590E /* PrivateArea.storyboard */; };
		2B616AED1ED33F4A0056590E /* PrivateSettingsTableViewController.swift in Sources */ = {isa = PBXBuildFile; fileRef = 2B616AEC1ED33F4A0056590E /* PrivateSettingsTableViewController.swift */; };
		2B616AF01ED35DF10056590E /* ProgressTableViewController.swift in Sources */ = {isa = PBXBuildFile; fileRef = 2B616AEF1ED35DF10056590E /* ProgressTableViewController.swift */; };
		2B616AF21ED3658F0056590E /* BarChartViewController.swift in Sources */ = {isa = PBXBuildFile; fileRef = 2B616AF11ED3658F0056590E /* BarChartViewController.swift */; };
		2B616AF61ED376410056590E /* ProgressChartTableViewCell.swift in Sources */ = {isa = PBXBuildFile; fileRef = 2B616AF41ED376410056590E /* ProgressChartTableViewCell.swift */; };
		2B616AF71ED376410056590E /* ProgressChartTableViewCell.xib in Resources */ = {isa = PBXBuildFile; fileRef = 2B616AF51ED376410056590E /* ProgressChartTableViewCell.xib */; };
		2B6B56FA1E9FECD000445937 /* AppDelegate.swift in Sources */ = {isa = PBXBuildFile; fileRef = 2B6B56F91E9FECD000445937 /* AppDelegate.swift */; };
		2B6B570C1E9FED2400445937 /* GoogleService-Info.plist in Resources */ = {isa = PBXBuildFile; fileRef = 2B6B570B1E9FED2400445937 /* GoogleService-Info.plist */; };
		2B74803B1EA932B9006E231E /* ReviewSessionTableViewController.swift in Sources */ = {isa = PBXBuildFile; fileRef = 2B74803A1EA932B9006E231E /* ReviewSessionTableViewController.swift */; };
		2B77CAB21F163B6D00FD581C /* FirebaseRemoteConfig.swift in Sources */ = {isa = PBXBuildFile; fileRef = 2B77CAB11F163B6D00FD581C /* FirebaseRemoteConfig.swift */; };
		2B7D68471EA6A36700443D59 /* CGAScalesForArea.swift in Sources */ = {isa = PBXBuildFile; fileRef = 2B7D68461EA6A36700443D59 /* CGAScalesForArea.swift */; };
		2B7D684A1EA6A88700443D59 /* CGAScaleSingleChoice.swift in Sources */ = {isa = PBXBuildFile; fileRef = 2B7D68491EA6A88700443D59 /* CGAScaleSingleChoice.swift */; };
		2B7D684C1EA6ABB200443D59 /* CGAPublicInfo.swift in Sources */ = {isa = PBXBuildFile; fileRef = 2B7D684B1EA6ABB200443D59 /* CGAPublicInfo.swift */; };
		2B95E3E71F1CC4FE00FEC67F /* CGAGuideAreaCollectionViewCell.swift in Sources */ = {isa = PBXBuildFile; fileRef = 2B95E3E61F1CC4FE00FEC67F /* CGAGuideAreaCollectionViewCell.swift */; };
		2B96717D1ED0D976001DDF90 /* PreviewViewController.swift in Sources */ = {isa = PBXBuildFile; fileRef = 2B96717C1ED0D976001DDF90 /* PreviewViewController.swift */; };
		2B96717F1ED0D993001DDF90 /* android_pdf.rtf in Resources */ = {isa = PBXBuildFile; fileRef = 2B96717E1ED0D993001DDF90 /* android_pdf.rtf */; };
		2B9819EB1EAFC16E00FBF67D /* Main.storyboard in Resources */ = {isa = PBXBuildFile; fileRef = 2B9819ED1EAFC16E00FBF67D /* Main.storyboard */; };
		2B9819F11EAFC53F00FBF67D /* HelpTableViewController.swift in Sources */ = {isa = PBXBuildFile; fileRef = 2B9819F01EAFC53F00FBF67D /* HelpTableViewController.swift */; };
		2B9819F41EAFC97B00FBF67D /* Help.storyboard in Resources */ = {isa = PBXBuildFile; fileRef = 2B9819F21EAFC97B00FBF67D /* Help.storyboard */; };
		2B9BD2B81EFA76090072B854 /* Sessions.storyboard in Resources */ = {isa = PBXBuildFile; fileRef = 2B9BD2B61EFA76090072B854 /* Sessions.storyboard */; };
		2BA1EF6D1EAFBC4B00270C76 /* CGAGuide.storyboard in Resources */ = {isa = PBXBuildFile; fileRef = 2BA1EF6F1EAFBC4B00270C76 /* CGAGuide.storyboard */; };
		2BA1EF741EAFBCCB00270C76 /* Localizable.strings in Resources */ = {isa = PBXBuildFile; fileRef = 2BA1EF761EAFBCCB00270C76 /* Localizable.strings */; };
		2BA23EDA1EB1F1330006145F /* TODO.txt in Resources */ = {isa = PBXBuildFile; fileRef = 2BA23ED91EB1F1330006145F /* TODO.txt */; };
		2BA319C21E9FF01E00E7A5C9 /* Images.xcassets in Resources */ = {isa = PBXBuildFile; fileRef = 2BA319C11E9FF01E00E7A5C9 /* Images.xcassets */; };
		2BA319C51E9FF03100E7A5C9 /* LaunchScreen.xib in Resources */ = {isa = PBXBuildFile; fileRef = 2BA319C31E9FF03100E7A5C9 /* LaunchScreen.xib */; };
		2BA319C91EA03B2000E7A5C9 /* Patient.swift in Sources */ = {isa = PBXBuildFile; fileRef = 2BA319C81EA03B2000E7A5C9 /* Patient.swift */; };
		2BA773711ED1AA4500D3E352 /* AddPrescriptionViewController.swift in Sources */ = {isa = PBXBuildFile; fileRef = 2BA773701ED1AA4500D3E352 /* AddPrescriptionViewController.swift */; };
		2BA773781ED1D0D400D3E352 /* PrescriptionTableViewCell.swift in Sources */ = {isa = PBXBuildFile; fileRef = 2BA773761ED1D0D400D3E352 /* PrescriptionTableViewCell.swift */; };
		2BA773791ED1D0D400D3E352 /* PrescriptionTableViewCell.xib in Resources */ = {isa = PBXBuildFile; fileRef = 2BA773771ED1D0D400D3E352 /* PrescriptionTableViewCell.xib */; };
		2BA7737B1ED1E38200D3E352 /* DatesHandler.swift in Sources */ = {isa = PBXBuildFile; fileRef = 2BA7737A1ED1E38200D3E352 /* DatesHandler.swift */; };
		2BA7D5E81ECF369F0035D5E3 /* AppIcons.xcassets in Resources */ = {isa = PBXBuildFile; fileRef = 2BA7D5E71ECF369F0035D5E3 /* AppIcons.xcassets */; };
		2BAC89C71EA41B9E00EE6CE9 /* MasterDetail.storyboard in Resources */ = {isa = PBXBuildFile; fileRef = 2BAC89C61EA41B9E00EE6CE9 /* MasterDetail.storyboard */; };
		2BAC89CB1EA41D2F00EE6CE9 /* PrescriptionsAllTableViewController.swift in Sources */ = {isa = PBXBuildFile; fileRef = 2BAC89CA1EA41D2F00EE6CE9 /* PrescriptionsAllTableViewController.swift */; };
		2BAC89CE1EA41E7200EE6CE9 /* StartCriteria.swift in Sources */ = {isa = PBXBuildFile; fileRef = 2BAC89CD1EA41E7200EE6CE9 /* StartCriteria.swift */; };
		2BAC89D01EA421B700EE6CE9 /* PrescriptionStart.swift in Sources */ = {isa = PBXBuildFile; fileRef = 2BAC89CF1EA421B700EE6CE9 /* PrescriptionStart.swift */; };
		2BAC89D21EA423F200EE6CE9 /* PrescriptionsStopTableViewController.swift in Sources */ = {isa = PBXBuildFile; fileRef = 2BAC89D11EA423F200EE6CE9 /* PrescriptionsStopTableViewController.swift */; };
		2BAC89D41EA4248A00EE6CE9 /* Prescriptions.storyboard in Resources */ = {isa = PBXBuildFile; fileRef = 2BAC89D31EA4248A00EE6CE9 /* Prescriptions.storyboard */; };
		2BAC89D61EA4257000EE6CE9 /* PrescriptionStopp.swift in Sources */ = {isa = PBXBuildFile; fileRef = 2BAC89D51EA4257000EE6CE9 /* PrescriptionStopp.swift */; };
		2BAC89D81EA4259400EE6CE9 /* StoppCriteria.swift in Sources */ = {isa = PBXBuildFile; fileRef = 2BAC89D71EA4259400EE6CE9 /* StoppCriteria.swift */; };
		2BAC89DA1EA4265300EE6CE9 /* Issue.swift in Sources */ = {isa = PBXBuildFile; fileRef = 2BAC89D91EA4265300EE6CE9 /* Issue.swift */; };
		2BADFB541EAA6B4400277E8A /* CGAPublicQuestionOptionsViewController.swift in Sources */ = {isa = PBXBuildFile; fileRef = 2BADFB531EAA6B4400277E8A /* CGAPublicQuestionOptionsViewController.swift */; };
		2BAF8E581EA518E60011EA87 /* Prescription.swift in Sources */ = {isa = PBXBuildFile; fileRef = 2BAF8E571EA518E60011EA87 /* Prescription.swift */; };
		2BB42A041EA045E6002C421C /* PatientProfileViewController.swift in Sources */ = {isa = PBXBuildFile; fileRef = 2BB42A031EA045E6002C421C /* PatientProfileViewController.swift */; };
		2BB992671F1F64BB000EE600 /* BMICalculatorPopUpViewController.swift in Sources */ = {isa = PBXBuildFile; fileRef = 2BB992661F1F64BB000EE600 /* BMICalculatorPopUpViewController.swift */; };
		2BBF33A11EA37A1A008D30EC /* Scoring.swift in Sources */ = {isa = PBXBuildFile; fileRef = 2BBF33A01EA37A1A008D30EC /* Scoring.swift */; };
		2BBF33A31EA37AB6008D30EC /* Grading.swift in Sources */ = {isa = PBXBuildFile; fileRef = 2BBF33A21EA37AB6008D30EC /* Grading.swift */; };
		2BBF33A51EA3825C008D30EC /* Constants.swift in Sources */ = {isa = PBXBuildFile; fileRef = 2BBF33A41EA3825C008D30EC /* Constants.swift */; };
		2BBF33A81EA38CCE008D30EC /* QuestionOptionsViewController.swift in Sources */ = {isa = PBXBuildFile; fileRef = 2BBF33A71EA38CCE008D30EC /* QuestionOptionsViewController.swift */; };
		2BBF33AA1EA38D1E008D30EC /* Choice.swift in Sources */ = {isa = PBXBuildFile; fileRef = 2BBF33A91EA38D1E008D30EC /* Choice.swift */; };
		2BBF33AD1EA39D55008D30EC /* CGAScalesTableViewController.swift in Sources */ = {isa = PBXBuildFile; fileRef = 2BBF33AC1EA39D55008D30EC /* CGAScalesTableViewController.swift */; };
		2BC0AC721ECDE23300EE7300 /* HelpTopics.swift in Sources */ = {isa = PBXBuildFile; fileRef = 2BC0AC711ECDE23300EE7300 /* HelpTopics.swift */; };
		2BC5834A1EADF30600A4D51B /* TableViewCell1.swift in Sources */ = {isa = PBXBuildFile; fileRef = 2BC583481EADF30600A4D51B /* TableViewCell1.swift */; };
		2BC5834B1EADF30600A4D51B /* TableViewCell1.xib in Resources */ = {isa = PBXBuildFile; fileRef = 2BC583491EADF30600A4D51B /* TableViewCell1.xib */; };
		2BC5834E1EADF3C000A4D51B /* TableViewCell2.swift in Sources */ = {isa = PBXBuildFile; fileRef = 2BC5834C1EADF3C000A4D51B /* TableViewCell2.swift */; };
		2BC5834F1EADF3C000A4D51B /* TableViewCell2.xib in Resources */ = {isa = PBXBuildFile; fileRef = 2BC5834D1EADF3C000A4D51B /* TableViewCell2.xib */; };
		2BC583571EAE024B00A4D51B /* ScaleTableViewCell.swift in Sources */ = {isa = PBXBuildFile; fileRef = 2BC583551EAE024B00A4D51B /* ScaleTableViewCell.swift */; };
		2BC583581EAE024B00A4D51B /* ScaleTableViewCell.xib in Resources */ = {isa = PBXBuildFile; fileRef = 2BC583561EAE024B00A4D51B /* ScaleTableViewCell.xib */; };
		2BC60BCC1EA52995007F2839 /* ScaleSingleQuestionChoices.swift in Sources */ = {isa = PBXBuildFile; fileRef = 2BC60BCB1EA52995007F2839 /* ScaleSingleQuestionChoices.swift */; };
		2BD0FE901ECEFFB80024CBA3 /* SwiftMessagesHelper.swift in Sources */ = {isa = PBXBuildFile; fileRef = 2BD0FE8F1ECEFFB80024CBA3 /* SwiftMessagesHelper.swift */; };
		2BD0FE921ECF06C60024CBA3 /* StringHelper.swift in Sources */ = {isa = PBXBuildFile; fileRef = 2BD0FE911ECF06C60024CBA3 /* StringHelper.swift */; };
		2BD0FE941ECF2FC30024CBA3 /* TextPopUpViewController.swift in Sources */ = {isa = PBXBuildFile; fileRef = 2BD0FE931ECF2FC30024CBA3 /* TextPopUpViewController.swift */; };
		2BD2AC8B1ECDC88B0096AAC9 /* HelpSingleTopic.swift in Sources */ = {isa = PBXBuildFile; fileRef = 2BD2AC8A1ECDC88B0096AAC9 /* HelpSingleTopic.swift */; };
		2BD6536D1EB092A80029F87B /* CGAPrivateMain.swift in Sources */ = {isa = PBXBuildFile; fileRef = 2BD6536C1EB092A80029F87B /* CGAPrivateMain.swift */; };
		2BD6536F1EB093500029F87B /* FirebaseDatabaseHelper.swift in Sources */ = {isa = PBXBuildFile; fileRef = 2BD6536E1EB093500029F87B /* FirebaseDatabaseHelper.swift */; };
		2BD6CCF31EA563AF007E10FC /* PrescriptionsViewController.swift in Sources */ = {isa = PBXBuildFile; fileRef = 2BD6CCF21EA563AF007E10FC /* PrescriptionsViewController.swift */; };
		2BD927CC1EAB7C6900EF1381 /* SessionHelper.swift in Sources */ = {isa = PBXBuildFile; fileRef = 2BD927CB1EAB7C6900EF1381 /* SessionHelper.swift */; };
		2BDB10AA1EAD3ED900ACD751 /* PopUpViewController.swift in Sources */ = {isa = PBXBuildFile; fileRef = 2BDB10A91EAD3ED900ACD751 /* PopUpViewController.swift */; };
		2BDB10AC1EAD3F7B00ACD751 /* TutorialViewController.swift in Sources */ = {isa = PBXBuildFile; fileRef = 2BDB10AB1EAD3F7B00ACD751 /* TutorialViewController.swift */; };
		2BDB10AE1EAD4D9800ACD751 /* PopOvers.storyboard in Resources */ = {isa = PBXBuildFile; fileRef = 2BDB10AD1EAD4D9800ACD751 /* PopOvers.storyboard */; };
		2BDB10B01EAD53CD00ACD751 /* CGAPublicYesNo.swift in Sources */ = {isa = PBXBuildFile; fileRef = 2BDB10AF1EAD53CD00ACD751 /* CGAPublicYesNo.swift */; };
		2BDBF8AA1ED0E19000F412A2 /* invoice.html in Resources */ = {isa = PBXBuildFile; fileRef = 2BDBF8A71ED0E19000F412A2 /* invoice.html */; };
		2BDBF8AB1ED0E19000F412A2 /* last_item.html in Resources */ = {isa = PBXBuildFile; fileRef = 2BDBF8A81ED0E19000F412A2 /* last_item.html */; };
		2BDBF8AC1ED0E19000F412A2 /* single_item.html in Resources */ = {isa = PBXBuildFile; fileRef = 2BDBF8A91ED0E19000F412A2 /* single_item.html */; };
		2BDBF8AE1ED0E4C300F412A2 /* area.html in Resources */ = {isa = PBXBuildFile; fileRef = 2BDBF8AD1ED0E4C300F412A2 /* area.html */; };
		2BDBF8B01ED0E84900F412A2 /* ScaleHelper.swift in Sources */ = {isa = PBXBuildFile; fileRef = 2BDBF8AF1ED0E84900F412A2 /* ScaleHelper.swift */; };
		2BE0426A1EA2C2A1002D485D /* ScalesQuestionsViewController.swift in Sources */ = {isa = PBXBuildFile; fileRef = 2BE042691EA2C2A1002D485D /* ScalesQuestionsViewController.swift */; };
		2BE0426C1EA2C33A002D485D /* Question.swift in Sources */ = {isa = PBXBuildFile; fileRef = 2BE0426B1EA2C33A002D485D /* Question.swift */; };
		2BEA8D2A1EB0A9A2007E284A /* CGAPrivate.storyboard in Resources */ = {isa = PBXBuildFile; fileRef = 2BEA8D291EB0A9A2007E284A /* CGAPrivate.storyboard */; };
		2BEA8D2C1EB0AAE0007E284A /* CGAPrivateQuestions.swift in Sources */ = {isa = PBXBuildFile; fileRef = 2BEA8D2B1EB0AAE0007E284A /* CGAPrivateQuestions.swift */; };
		2BEDA0AF1EAF4D3200EA6772 /* RightWrongQuestionTableViewCell.swift in Sources */ = {isa = PBXBuildFile; fileRef = 2BEDA0AD1EAF4D3200EA6772 /* RightWrongQuestionTableViewCell.swift */; };
		2BEDA0B01EAF4D3200EA6772 /* RightWrongQuestionTableViewCell.xib in Resources */ = {isa = PBXBuildFile; fileRef = 2BEDA0AE1EAF4D3200EA6772 /* RightWrongQuestionTableViewCell.xib */; };
		2BF76B0B1F1E41F3002C7AE0 /* CGAGuideScalesForArea.swift in Sources */ = {isa = PBXBuildFile; fileRef = 2BF76B0A1F1E41F3002C7AE0 /* CGAGuideScalesForArea.swift */; };
		2BF917FA1EB0EB76004EAA5F /* QuestionChoiceTableViewCell.swift in Sources */ = {isa = PBXBuildFile; fileRef = 2BF917F81EB0EB76004EAA5F /* QuestionChoiceTableViewCell.swift */; };
		2BF917FB1EB0EB76004EAA5F /* QuestionChoiceTableViewCell.xib in Resources */ = {isa = PBXBuildFile; fileRef = 2BF917F91EB0EB76004EAA5F /* QuestionChoiceTableViewCell.xib */; };
		2BFAA1501EC9AD9F0096F71A /* CGAPublicAreas.swift in Sources */ = {isa = PBXBuildFile; fileRef = 2BFAA14F1EC9AD9F0096F71A /* CGAPublicAreas.swift */; };
		2BFAA1531EC9B4920096F71A /* CGAAreaTableViewCell.swift in Sources */ = {isa = PBXBuildFile; fileRef = 2BFAA1511EC9B4920096F71A /* CGAAreaTableViewCell.swift */; };
		2BFAA1541EC9B4920096F71A /* CGAAreaTableViewCell.xib in Resources */ = {isa = PBXBuildFile; fileRef = 2BFAA1521EC9B4920096F71A /* CGAAreaTableViewCell.xib */; };
		2BFD7F0A1ED473A4005663F0 /* CalendarTutorialViewController.swift in Sources */ = {isa = PBXBuildFile; fileRef = 2BFD7F091ED473A4005663F0 /* CalendarTutorialViewController.swift */; };
/* End PBXBuildFile section */

/* Begin PBXFileReference section */
		2B036ACC1EAE3FC900E4E6AA /* CGAPublicMultipleCategories.swift */ = {isa = PBXFileReference; fileEncoding = 4; lastKnownFileType = sourcecode.swift; path = CGAPublicMultipleCategories.swift; sourceTree = "<group>"; };
		2B036ACE1EAE42F900E4E6AA /* QuestionCategory.swift */ = {isa = PBXFileReference; fileEncoding = 4; lastKnownFileType = sourcecode.swift; path = QuestionCategory.swift; sourceTree = "<group>"; };
		2B036AD01EAE4AF700E4E6AA /* QuestionCategoryViewController.swift */ = {isa = PBXFileReference; fileEncoding = 4; lastKnownFileType = sourcecode.swift; path = QuestionCategoryViewController.swift; sourceTree = "<group>"; };
		2B0AD7591F1E065600D8D1C5 /* SettingsTableViewController.swift */ = {isa = PBXFileReference; fileEncoding = 4; lastKnownFileType = sourcecode.swift; path = SettingsTableViewController.swift; sourceTree = "<group>"; };
		2B0B7E961F1CD0BF00599486 /* FirebaseStorageHelper.swift */ = {isa = PBXFileReference; fileEncoding = 4; lastKnownFileType = sourcecode.swift; path = FirebaseStorageHelper.swift; sourceTree = "<group>"; };
		2B14B3001EA0D57400F08C05 /* FavoritePatientsCollectionViewController.swift */ = {isa = PBXFileReference; fileEncoding = 4; lastKnownFileType = sourcecode.swift; path = FavoritePatientsCollectionViewController.swift; sourceTree = "<group>"; };
		2B21ABBA1E9FEE3A001D6F66 /* User.swift */ = {isa = PBXFileReference; fileEncoding = 4; lastKnownFileType = sourcecode.swift; path = User.swift; sourceTree = "<group>"; };
		2B21ABBE1E9FEE7B001D6F66 /* PatientsListTableViewController.swift */ = {isa = PBXFileReference; fileEncoding = 4; lastKnownFileType = sourcecode.swift; path = PatientsListTableViewController.swift; sourceTree = "<group>"; };
		2B21ABBF1E9FEE7B001D6F66 /* LoginViewController.swift */ = {isa = PBXFileReference; fileEncoding = 4; lastKnownFileType = sourcecode.swift; path = LoginViewController.swift; sourceTree = "<group>"; };
		2B242B271EACC63A0029FFF3 /* PatientsManagement.swift */ = {isa = PBXFileReference; fileEncoding = 4; lastKnownFileType = sourcecode.swift; path = PatientsManagement.swift; sourceTree = "<group>"; };
		2B2B8BA61ECF8D17007BC03B /* InitialSetup.swift */ = {isa = PBXFileReference; fileEncoding = 4; lastKnownFileType = sourcecode.swift; path = InitialSetup.swift; sourceTree = "<group>"; };
		2B2D3A101EACDF04007E7A28 /* PatientInfoCard.swift */ = {isa = PBXFileReference; fileEncoding = 4; lastKnownFileType = sourcecode.swift; path = PatientInfoCard.swift; sourceTree = "<group>"; };
		2B2D3A111EACDF04007E7A28 /* PatientInfoCard.xib */ = {isa = PBXFileReference; fileEncoding = 4; lastKnownFileType = file.xib; path = PatientInfoCard.xib; sourceTree = "<group>"; };
		2B389CC41ED0D9CB00C27E6E /* SessionPDFComposer.swift */ = {isa = PBXFileReference; fileEncoding = 4; lastKnownFileType = sourcecode.swift; path = SessionPDFComposer.swift; sourceTree = "<group>"; };
		2B389CC61ED0D9F300C27E6E /* CustomPrintPageRenderer.swift */ = {isa = PBXFileReference; fileEncoding = 4; lastKnownFileType = sourcecode.swift; path = CustomPrintPageRenderer.swift; sourceTree = "<group>"; };
		2B3BCD4E1EA4F8910025EF6A /* FavoritePatientCellCollectionViewCell.swift */ = {isa = PBXFileReference; fileEncoding = 4; lastKnownFileType = sourcecode.swift; name = FavoritePatientCellCollectionViewCell.swift; path = ../FavoritePatientCellCollectionViewCell.swift; sourceTree = "<group>"; };
		2B424FEB1EA2A3470010E4F8 /* PatientSessionsTableViewController.swift */ = {isa = PBXFileReference; fileEncoding = 4; lastKnownFileType = sourcecode.swift; path = PatientSessionsTableViewController.swift; sourceTree = "<group>"; };
		2B424FED1EA2A47E0010E4F8 /* Session.swift */ = {isa = PBXFileReference; fileEncoding = 4; lastKnownFileType = sourcecode.swift; path = Session.swift; sourceTree = "<group>"; };
		2B424FEF1EA2AE930010E4F8 /* SessionScalesViewController.swift */ = {isa = PBXFileReference; fileEncoding = 4; lastKnownFileType = sourcecode.swift; path = SessionScalesViewController.swift; sourceTree = "<group>"; };
		2B424FF11EA2AFE50010E4F8 /* GeriatricScale.swift */ = {isa = PBXFileReference; fileEncoding = 4; lastKnownFileType = sourcecode.swift; path = GeriatricScale.swift; sourceTree = "<group>"; };
		2B424FF31EA2BE5D0010E4F8 /* SessionsTableViewController.swift */ = {isa = PBXFileReference; fileEncoding = 4; lastKnownFileType = sourcecode.swift; path = SessionsTableViewController.swift; sourceTree = "<group>"; };
		2B4957D11EAE5609009DDF91 /* YesNoQuestionTableViewCell.swift */ = {isa = PBXFileReference; fileEncoding = 4; lastKnownFileType = sourcecode.swift; path = YesNoQuestionTableViewCell.swift; sourceTree = "<group>"; };
		2B4957D21EAE5609009DDF91 /* YesNoQuestionTableViewCell.xib */ = {isa = PBXFileReference; fileEncoding = 4; lastKnownFileType = file.xib; path = YesNoQuestionTableViewCell.xib; sourceTree = "<group>"; };
		2B4ADBE11EA54ECE00972332 /* AccountViewController.swift */ = {isa = PBXFileReference; fileEncoding = 4; lastKnownFileType = sourcecode.swift; path = AccountViewController.swift; sourceTree = "<group>"; };
		2B4BDD911F1CC2B600104D6C /* CGAGuideAreasCollectionViewController.swift */ = {isa = PBXFileReference; fileEncoding = 4; lastKnownFileType = sourcecode.swift; path = CGAGuideAreasCollectionViewController.swift; sourceTree = "<group>"; };
		2B50F1721EA9470800E4B762 /* CGAPublic.storyboard */ = {isa = PBXFileReference; fileEncoding = 4; lastKnownFileType = file.storyboard; path = CGAPublic.storyboard; sourceTree = "<group>"; };
		2B50F1751EA9498B00E4B762 /* CGAPublicScalesQuestions.swift */ = {isa = PBXFileReference; fileEncoding = 4; lastKnownFileType = sourcecode.swift; path = CGAPublicScalesQuestions.swift; sourceTree = "<group>"; };
		2B52C10C1EAFDD3000B5D02E /* FirebaseHelper.swift */ = {isa = PBXFileReference; fileEncoding = 4; lastKnownFileType = sourcecode.swift; path = FirebaseHelper.swift; sourceTree = "<group>"; };
		2B5636E51EA4067800D8E75C /* MasterViewController.swift */ = {isa = PBXFileReference; fileEncoding = 4; lastKnownFileType = sourcecode.swift; path = MasterViewController.swift; sourceTree = "<group>"; };
		2B5636E71EA406AF00D8E75C /* DetailViewController.swift */ = {isa = PBXFileReference; fileEncoding = 4; lastKnownFileType = sourcecode.swift; path = DetailViewController.swift; sourceTree = "<group>"; };
		2B5636E91EA406D800D8E75C /* Patient2.swift */ = {isa = PBXFileReference; fileEncoding = 4; lastKnownFileType = sourcecode.swift; path = Patient2.swift; sourceTree = "<group>"; };
		2B59480B1EACB3DD0052EC98 /* Patients.storyboard */ = {isa = PBXFileReference; fileEncoding = 4; lastKnownFileType = file.storyboard; path = Patients.storyboard; sourceTree = "<group>"; };
		2B59480D1EACB6170052EC98 /* CreatePatientViewController.swift */ = {isa = PBXFileReference; fileEncoding = 4; lastKnownFileType = sourcecode.swift; path = CreatePatientViewController.swift; sourceTree = "<group>"; };
		2B5B260E1ECF967300A60F14 /* AppIntro.swift */ = {isa = PBXFileReference; fileEncoding = 4; lastKnownFileType = sourcecode.swift; path = AppIntro.swift; sourceTree = "<group>"; };
		2B616AE51ED339580056590E /* Base */ = {isa = PBXFileReference; lastKnownFileType = file.storyboard; name = Base; path = Base.lproj/PrivateArea.storyboard; sourceTree = "<group>"; };
		2B616AEC1ED33F4A0056590E /* PrivateSettingsTableViewController.swift */ = {isa = PBXFileReference; fileEncoding = 4; lastKnownFileType = sourcecode.swift; path = PrivateSettingsTableViewController.swift; sourceTree = "<group>"; };
		2B616AEF1ED35DF10056590E /* ProgressTableViewController.swift */ = {isa = PBXFileReference; fileEncoding = 4; lastKnownFileType = sourcecode.swift; path = ProgressTableViewController.swift; sourceTree = "<group>"; };
		2B616AF11ED3658F0056590E /* BarChartViewController.swift */ = {isa = PBXFileReference; fileEncoding = 4; lastKnownFileType = sourcecode.swift; path = BarChartViewController.swift; sourceTree = "<group>"; };
		2B616AF41ED376410056590E /* ProgressChartTableViewCell.swift */ = {isa = PBXFileReference; fileEncoding = 4; lastKnownFileType = sourcecode.swift; path = ProgressChartTableViewCell.swift; sourceTree = "<group>"; };
		2B616AF51ED376410056590E /* ProgressChartTableViewCell.xib */ = {isa = PBXFileReference; fileEncoding = 4; lastKnownFileType = file.xib; path = ProgressChartTableViewCell.xib; sourceTree = "<group>"; };
		2B6B56F61E9FECD000445937 /* GeriatricHelper.app */ = {isa = PBXFileReference; explicitFileType = wrapper.application; includeInIndex = 0; path = GeriatricHelper.app; sourceTree = BUILT_PRODUCTS_DIR; };
		2B6B56F91E9FECD000445937 /* AppDelegate.swift */ = {isa = PBXFileReference; lastKnownFileType = sourcecode.swift; path = AppDelegate.swift; sourceTree = "<group>"; };
		2B6B57051E9FECD000445937 /* Info.plist */ = {isa = PBXFileReference; lastKnownFileType = text.plist.xml; path = Info.plist; sourceTree = "<group>"; };
		2B6B570B1E9FED2400445937 /* GoogleService-Info.plist */ = {isa = PBXFileReference; fileEncoding = 4; lastKnownFileType = text.plist.xml; path = "GoogleService-Info.plist"; sourceTree = "<group>"; };
		2B74803A1EA932B9006E231E /* ReviewSessionTableViewController.swift */ = {isa = PBXFileReference; fileEncoding = 4; lastKnownFileType = sourcecode.swift; path = ReviewSessionTableViewController.swift; sourceTree = "<group>"; };
		2B77CAB11F163B6D00FD581C /* FirebaseRemoteConfig.swift */ = {isa = PBXFileReference; fileEncoding = 4; lastKnownFileType = sourcecode.swift; path = FirebaseRemoteConfig.swift; sourceTree = "<group>"; };
		2B7D68461EA6A36700443D59 /* CGAScalesForArea.swift */ = {isa = PBXFileReference; fileEncoding = 4; lastKnownFileType = sourcecode.swift; path = CGAScalesForArea.swift; sourceTree = "<group>"; };
		2B7D68491EA6A88700443D59 /* CGAScaleSingleChoice.swift */ = {isa = PBXFileReference; fileEncoding = 4; lastKnownFileType = sourcecode.swift; path = CGAScaleSingleChoice.swift; sourceTree = "<group>"; };
		2B7D684B1EA6ABB200443D59 /* CGAPublicInfo.swift */ = {isa = PBXFileReference; fileEncoding = 4; lastKnownFileType = sourcecode.swift; path = CGAPublicInfo.swift; sourceTree = "<group>"; };
		2B95E3E61F1CC4FE00FEC67F /* CGAGuideAreaCollectionViewCell.swift */ = {isa = PBXFileReference; fileEncoding = 4; lastKnownFileType = sourcecode.swift; path = CGAGuideAreaCollectionViewCell.swift; sourceTree = "<group>"; };
		2B96717C1ED0D976001DDF90 /* PreviewViewController.swift */ = {isa = PBXFileReference; fileEncoding = 4; lastKnownFileType = sourcecode.swift; path = PreviewViewController.swift; sourceTree = "<group>"; };
		2B96717E1ED0D993001DDF90 /* android_pdf.rtf */ = {isa = PBXFileReference; fileEncoding = 4; lastKnownFileType = text.rtf; path = android_pdf.rtf; sourceTree = "<group>"; };
		2B9819EC1EAFC16E00FBF67D /* Base */ = {isa = PBXFileReference; lastKnownFileType = file.storyboard; name = Base; path = Base.lproj/Main.storyboard; sourceTree = "<group>"; };
		2B9819F01EAFC53F00FBF67D /* HelpTableViewController.swift */ = {isa = PBXFileReference; fileEncoding = 4; lastKnownFileType = sourcecode.swift; path = HelpTableViewController.swift; sourceTree = "<group>"; };
		2B9819F31EAFC97B00FBF67D /* Base */ = {isa = PBXFileReference; lastKnownFileType = file.storyboard; name = Base; path = Base.lproj/Help.storyboard; sourceTree = "<group>"; };
		2B9BD2B71EFA76090072B854 /* Base */ = {isa = PBXFileReference; lastKnownFileType = file.storyboard; name = Base; path = Base.lproj/Sessions.storyboard; sourceTree = "<group>"; };
		2BA1EF771EAFBCCD00270C76 /* pt-PT */ = {isa = PBXFileReference; lastKnownFileType = text.plist.strings; name = "pt-PT"; path = "pt-PT.lproj/Localizable.strings"; sourceTree = "<group>"; };
		2BA1EF7E1EAFBEB700270C76 /* pt-PT */ = {isa = PBXFileReference; lastKnownFileType = text.plist.strings; name = "pt-PT"; path = "pt-PT.lproj/CGAGuide.strings"; sourceTree = "<group>"; };
		2BA1EF7F1EAFBF1500270C76 /* Base */ = {isa = PBXFileReference; lastKnownFileType = file.storyboard; name = Base; path = Base.lproj/CGAGuide.storyboard; sourceTree = "<group>"; };
		2BA23ED91EB1F1330006145F /* TODO.txt */ = {isa = PBXFileReference; fileEncoding = 4; lastKnownFileType = text; path = TODO.txt; sourceTree = "<group>"; };
		2BA319C01E9FEFE000E7A5C9 /* GeriatricHelper.entitlements */ = {isa = PBXFileReference; lastKnownFileType = text.plist.entitlements; name = GeriatricHelper.entitlements; path = GeriatricHelper/GeriatricHelper.entitlements; sourceTree = "<group>"; };
		2BA319C11E9FF01E00E7A5C9 /* Images.xcassets */ = {isa = PBXFileReference; lastKnownFileType = folder.assetcatalog; path = Images.xcassets; sourceTree = "<group>"; };
		2BA319C31E9FF03100E7A5C9 /* LaunchScreen.xib */ = {isa = PBXFileReference; fileEncoding = 4; lastKnownFileType = file.xib; path = LaunchScreen.xib; sourceTree = "<group>"; };
		2BA319C81EA03B2000E7A5C9 /* Patient.swift */ = {isa = PBXFileReference; fileEncoding = 4; lastKnownFileType = sourcecode.swift; path = Patient.swift; sourceTree = "<group>"; };
		2BA773701ED1AA4500D3E352 /* AddPrescriptionViewController.swift */ = {isa = PBXFileReference; fileEncoding = 4; lastKnownFileType = sourcecode.swift; path = AddPrescriptionViewController.swift; sourceTree = "<group>"; };
		2BA773761ED1D0D400D3E352 /* PrescriptionTableViewCell.swift */ = {isa = PBXFileReference; fileEncoding = 4; lastKnownFileType = sourcecode.swift; path = PrescriptionTableViewCell.swift; sourceTree = "<group>"; };
		2BA773771ED1D0D400D3E352 /* PrescriptionTableViewCell.xib */ = {isa = PBXFileReference; fileEncoding = 4; lastKnownFileType = file.xib; path = PrescriptionTableViewCell.xib; sourceTree = "<group>"; };
		2BA7737A1ED1E38200D3E352 /* DatesHandler.swift */ = {isa = PBXFileReference; fileEncoding = 4; lastKnownFileType = sourcecode.swift; path = DatesHandler.swift; sourceTree = "<group>"; };
		2BA7D5E71ECF369F0035D5E3 /* AppIcons.xcassets */ = {isa = PBXFileReference; lastKnownFileType = folder.assetcatalog; path = AppIcons.xcassets; sourceTree = "<group>"; };
		2BAC89C61EA41B9E00EE6CE9 /* MasterDetail.storyboard */ = {isa = PBXFileReference; fileEncoding = 4; lastKnownFileType = file.storyboard; path = MasterDetail.storyboard; sourceTree = "<group>"; };
		2BAC89CA1EA41D2F00EE6CE9 /* PrescriptionsAllTableViewController.swift */ = {isa = PBXFileReference; fileEncoding = 4; lastKnownFileType = sourcecode.swift; path = PrescriptionsAllTableViewController.swift; sourceTree = "<group>"; };
		2BAC89CD1EA41E7200EE6CE9 /* StartCriteria.swift */ = {isa = PBXFileReference; fileEncoding = 4; lastKnownFileType = sourcecode.swift; path = StartCriteria.swift; sourceTree = "<group>"; };
		2BAC89CF1EA421B700EE6CE9 /* PrescriptionStart.swift */ = {isa = PBXFileReference; fileEncoding = 4; lastKnownFileType = sourcecode.swift; path = PrescriptionStart.swift; sourceTree = "<group>"; };
		2BAC89D11EA423F200EE6CE9 /* PrescriptionsStopTableViewController.swift */ = {isa = PBXFileReference; fileEncoding = 4; lastKnownFileType = sourcecode.swift; path = PrescriptionsStopTableViewController.swift; sourceTree = "<group>"; };
		2BAC89D31EA4248A00EE6CE9 /* Prescriptions.storyboard */ = {isa = PBXFileReference; fileEncoding = 4; lastKnownFileType = file.storyboard; path = Prescriptions.storyboard; sourceTree = "<group>"; };
		2BAC89D51EA4257000EE6CE9 /* PrescriptionStopp.swift */ = {isa = PBXFileReference; fileEncoding = 4; lastKnownFileType = sourcecode.swift; path = PrescriptionStopp.swift; sourceTree = "<group>"; };
		2BAC89D71EA4259400EE6CE9 /* StoppCriteria.swift */ = {isa = PBXFileReference; fileEncoding = 4; lastKnownFileType = sourcecode.swift; path = StoppCriteria.swift; sourceTree = "<group>"; };
		2BAC89D91EA4265300EE6CE9 /* Issue.swift */ = {isa = PBXFileReference; fileEncoding = 4; lastKnownFileType = sourcecode.swift; path = Issue.swift; sourceTree = "<group>"; };
		2BADFB531EAA6B4400277E8A /* CGAPublicQuestionOptionsViewController.swift */ = {isa = PBXFileReference; fileEncoding = 4; lastKnownFileType = sourcecode.swift; path = CGAPublicQuestionOptionsViewController.swift; sourceTree = "<group>"; };
		2BAF8E571EA518E60011EA87 /* Prescription.swift */ = {isa = PBXFileReference; fileEncoding = 4; lastKnownFileType = sourcecode.swift; path = Prescription.swift; sourceTree = "<group>"; };
		2BB42A031EA045E6002C421C /* PatientProfileViewController.swift */ = {isa = PBXFileReference; fileEncoding = 4; lastKnownFileType = sourcecode.swift; path = PatientProfileViewController.swift; sourceTree = "<group>"; };
		2BB992661F1F64BB000EE600 /* BMICalculatorPopUpViewController.swift */ = {isa = PBXFileReference; fileEncoding = 4; lastKnownFileType = sourcecode.swift; path = BMICalculatorPopUpViewController.swift; sourceTree = "<group>"; };
		2BBF33A01EA37A1A008D30EC /* Scoring.swift */ = {isa = PBXFileReference; fileEncoding = 4; lastKnownFileType = sourcecode.swift; path = Scoring.swift; sourceTree = "<group>"; };
		2BBF33A21EA37AB6008D30EC /* Grading.swift */ = {isa = PBXFileReference; fileEncoding = 4; lastKnownFileType = sourcecode.swift; path = Grading.swift; sourceTree = "<group>"; };
		2BBF33A41EA3825C008D30EC /* Constants.swift */ = {isa = PBXFileReference; fileEncoding = 4; lastKnownFileType = sourcecode.swift; path = Constants.swift; sourceTree = "<group>"; };
		2BBF33A71EA38CCE008D30EC /* QuestionOptionsViewController.swift */ = {isa = PBXFileReference; fileEncoding = 4; lastKnownFileType = sourcecode.swift; path = QuestionOptionsViewController.swift; sourceTree = "<group>"; };
		2BBF33A91EA38D1E008D30EC /* Choice.swift */ = {isa = PBXFileReference; fileEncoding = 4; lastKnownFileType = sourcecode.swift; path = Choice.swift; sourceTree = "<group>"; };
		2BBF33AC1EA39D55008D30EC /* CGAScalesTableViewController.swift */ = {isa = PBXFileReference; fileEncoding = 4; lastKnownFileType = sourcecode.swift; path = CGAScalesTableViewController.swift; sourceTree = "<group>"; };
		2BC0AC711ECDE23300EE7300 /* HelpTopics.swift */ = {isa = PBXFileReference; fileEncoding = 4; lastKnownFileType = sourcecode.swift; path = HelpTopics.swift; sourceTree = "<group>"; };
		2BC583481EADF30600A4D51B /* TableViewCell1.swift */ = {isa = PBXFileReference; fileEncoding = 4; lastKnownFileType = sourcecode.swift; path = TableViewCell1.swift; sourceTree = "<group>"; };
		2BC583491EADF30600A4D51B /* TableViewCell1.xib */ = {isa = PBXFileReference; fileEncoding = 4; lastKnownFileType = file.xib; path = TableViewCell1.xib; sourceTree = "<group>"; };
		2BC5834C1EADF3C000A4D51B /* TableViewCell2.swift */ = {isa = PBXFileReference; fileEncoding = 4; lastKnownFileType = sourcecode.swift; path = TableViewCell2.swift; sourceTree = "<group>"; };
		2BC5834D1EADF3C000A4D51B /* TableViewCell2.xib */ = {isa = PBXFileReference; fileEncoding = 4; lastKnownFileType = file.xib; path = TableViewCell2.xib; sourceTree = "<group>"; };
		2BC583551EAE024B00A4D51B /* ScaleTableViewCell.swift */ = {isa = PBXFileReference; fileEncoding = 4; lastKnownFileType = sourcecode.swift; path = ScaleTableViewCell.swift; sourceTree = "<group>"; };
		2BC583561EAE024B00A4D51B /* ScaleTableViewCell.xib */ = {isa = PBXFileReference; fileEncoding = 4; lastKnownFileType = file.xib; path = ScaleTableViewCell.xib; sourceTree = "<group>"; };
		2BC60BCB1EA52995007F2839 /* ScaleSingleQuestionChoices.swift */ = {isa = PBXFileReference; fileEncoding = 4; lastKnownFileType = sourcecode.swift; path = ScaleSingleQuestionChoices.swift; sourceTree = "<group>"; };
		2BD0FE8F1ECEFFB80024CBA3 /* SwiftMessagesHelper.swift */ = {isa = PBXFileReference; fileEncoding = 4; lastKnownFileType = sourcecode.swift; path = SwiftMessagesHelper.swift; sourceTree = "<group>"; };
		2BD0FE911ECF06C60024CBA3 /* StringHelper.swift */ = {isa = PBXFileReference; fileEncoding = 4; lastKnownFileType = sourcecode.swift; path = StringHelper.swift; sourceTree = "<group>"; };
		2BD0FE931ECF2FC30024CBA3 /* TextPopUpViewController.swift */ = {isa = PBXFileReference; fileEncoding = 4; lastKnownFileType = sourcecode.swift; path = TextPopUpViewController.swift; sourceTree = "<group>"; };
		2BD2AC8A1ECDC88B0096AAC9 /* HelpSingleTopic.swift */ = {isa = PBXFileReference; fileEncoding = 4; lastKnownFileType = sourcecode.swift; path = HelpSingleTopic.swift; sourceTree = "<group>"; };
		2BD6536C1EB092A80029F87B /* CGAPrivateMain.swift */ = {isa = PBXFileReference; fileEncoding = 4; lastKnownFileType = sourcecode.swift; path = CGAPrivateMain.swift; sourceTree = "<group>"; };
		2BD6536E1EB093500029F87B /* FirebaseDatabaseHelper.swift */ = {isa = PBXFileReference; fileEncoding = 4; lastKnownFileType = sourcecode.swift; path = FirebaseDatabaseHelper.swift; sourceTree = "<group>"; };
		2BD6CCF21EA563AF007E10FC /* PrescriptionsViewController.swift */ = {isa = PBXFileReference; fileEncoding = 4; lastKnownFileType = sourcecode.swift; path = PrescriptionsViewController.swift; sourceTree = "<group>"; };
		2BD927CB1EAB7C6900EF1381 /* SessionHelper.swift */ = {isa = PBXFileReference; fileEncoding = 4; lastKnownFileType = sourcecode.swift; path = SessionHelper.swift; sourceTree = "<group>"; };
		2BDB10A91EAD3ED900ACD751 /* PopUpViewController.swift */ = {isa = PBXFileReference; fileEncoding = 4; lastKnownFileType = sourcecode.swift; path = PopUpViewController.swift; sourceTree = "<group>"; };
		2BDB10AB1EAD3F7B00ACD751 /* TutorialViewController.swift */ = {isa = PBXFileReference; fileEncoding = 4; lastKnownFileType = sourcecode.swift; path = TutorialViewController.swift; sourceTree = "<group>"; };
		2BDB10AD1EAD4D9800ACD751 /* PopOvers.storyboard */ = {isa = PBXFileReference; fileEncoding = 4; lastKnownFileType = file.storyboard; path = PopOvers.storyboard; sourceTree = "<group>"; };
		2BDB10AF1EAD53CD00ACD751 /* CGAPublicYesNo.swift */ = {isa = PBXFileReference; fileEncoding = 4; lastKnownFileType = sourcecode.swift; path = CGAPublicYesNo.swift; sourceTree = "<group>"; };
		2BDBF8A71ED0E19000F412A2 /* invoice.html */ = {isa = PBXFileReference; fileEncoding = 4; lastKnownFileType = text.html; path = invoice.html; sourceTree = "<group>"; };
		2BDBF8A81ED0E19000F412A2 /* last_item.html */ = {isa = PBXFileReference; fileEncoding = 4; lastKnownFileType = text.html; path = last_item.html; sourceTree = "<group>"; };
		2BDBF8A91ED0E19000F412A2 /* single_item.html */ = {isa = PBXFileReference; fileEncoding = 4; lastKnownFileType = text.html; path = single_item.html; sourceTree = "<group>"; };
		2BDBF8AD1ED0E4C300F412A2 /* area.html */ = {isa = PBXFileReference; fileEncoding = 4; lastKnownFileType = text.html; path = area.html; sourceTree = "<group>"; };
		2BDBF8AF1ED0E84900F412A2 /* ScaleHelper.swift */ = {isa = PBXFileReference; fileEncoding = 4; lastKnownFileType = sourcecode.swift; path = ScaleHelper.swift; sourceTree = "<group>"; };
		2BE042691EA2C2A1002D485D /* ScalesQuestionsViewController.swift */ = {isa = PBXFileReference; fileEncoding = 4; lastKnownFileType = sourcecode.swift; path = ScalesQuestionsViewController.swift; sourceTree = "<group>"; };
		2BE0426B1EA2C33A002D485D /* Question.swift */ = {isa = PBXFileReference; fileEncoding = 4; lastKnownFileType = sourcecode.swift; path = Question.swift; sourceTree = "<group>"; };
		2BEA8D291EB0A9A2007E284A /* CGAPrivate.storyboard */ = {isa = PBXFileReference; fileEncoding = 4; lastKnownFileType = file.storyboard; path = CGAPrivate.storyboard; sourceTree = "<group>"; };
		2BEA8D2B1EB0AAE0007E284A /* CGAPrivateQuestions.swift */ = {isa = PBXFileReference; fileEncoding = 4; lastKnownFileType = sourcecode.swift; path = CGAPrivateQuestions.swift; sourceTree = "<group>"; };
		2BEDA0AD1EAF4D3200EA6772 /* RightWrongQuestionTableViewCell.swift */ = {isa = PBXFileReference; fileEncoding = 4; lastKnownFileType = sourcecode.swift; path = RightWrongQuestionTableViewCell.swift; sourceTree = "<group>"; };
		2BEDA0AE1EAF4D3200EA6772 /* RightWrongQuestionTableViewCell.xib */ = {isa = PBXFileReference; fileEncoding = 4; lastKnownFileType = file.xib; path = RightWrongQuestionTableViewCell.xib; sourceTree = "<group>"; };
		2BF76B0A1F1E41F3002C7AE0 /* CGAGuideScalesForArea.swift */ = {isa = PBXFileReference; fileEncoding = 4; lastKnownFileType = sourcecode.swift; path = CGAGuideScalesForArea.swift; sourceTree = "<group>"; };
		2BF917F81EB0EB76004EAA5F /* QuestionChoiceTableViewCell.swift */ = {isa = PBXFileReference; fileEncoding = 4; lastKnownFileType = sourcecode.swift; path = QuestionChoiceTableViewCell.swift; sourceTree = "<group>"; };
		2BF917F91EB0EB76004EAA5F /* QuestionChoiceTableViewCell.xib */ = {isa = PBXFileReference; fileEncoding = 4; lastKnownFileType = file.xib; path = QuestionChoiceTableViewCell.xib; sourceTree = "<group>"; };
		2BFAA14F1EC9AD9F0096F71A /* CGAPublicAreas.swift */ = {isa = PBXFileReference; fileEncoding = 4; lastKnownFileType = sourcecode.swift; path = CGAPublicAreas.swift; sourceTree = "<group>"; };
		2BFAA1511EC9B4920096F71A /* CGAAreaTableViewCell.swift */ = {isa = PBXFileReference; fileEncoding = 4; lastKnownFileType = sourcecode.swift; path = CGAAreaTableViewCell.swift; sourceTree = "<group>"; };
		2BFAA1521EC9B4920096F71A /* CGAAreaTableViewCell.xib */ = {isa = PBXFileReference; fileEncoding = 4; lastKnownFileType = file.xib; path = CGAAreaTableViewCell.xib; sourceTree = "<group>"; };
		2BFD7F091ED473A4005663F0 /* CalendarTutorialViewController.swift */ = {isa = PBXFileReference; fileEncoding = 4; lastKnownFileType = sourcecode.swift; path = CalendarTutorialViewController.swift; sourceTree = "<group>"; };
		306436849054F0814DE81659 /* Pods-GeriatricHelper.release.xcconfig */ = {isa = PBXFileReference; includeInIndex = 1; lastKnownFileType = text.xcconfig; name = "Pods-GeriatricHelper.release.xcconfig"; path = "Pods/Target Support Files/Pods-GeriatricHelper/Pods-GeriatricHelper.release.xcconfig"; sourceTree = "<group>"; };
		3D9ED9CE99D7543CD64D9D6C /* Pods-GeriatricHelper.debug.xcconfig */ = {isa = PBXFileReference; includeInIndex = 1; lastKnownFileType = text.xcconfig; name = "Pods-GeriatricHelper.debug.xcconfig"; path = "Pods/Target Support Files/Pods-GeriatricHelper/Pods-GeriatricHelper.debug.xcconfig"; sourceTree = "<group>"; };
		4EA09AF322E24D40665776C4 /* Pods_GeriatricHelper.framework */ = {isa = PBXFileReference; explicitFileType = wrapper.framework; includeInIndex = 0; path = Pods_GeriatricHelper.framework; sourceTree = BUILT_PRODUCTS_DIR; };
/* End PBXFileReference section */

/* Begin PBXFrameworksBuildPhase section */
		2B6B56F31E9FECD000445937 /* Frameworks */ = {
			isa = PBXFrameworksBuildPhase;
			buildActionMask = 2147483647;
			files = (
				2217A7B068C3958B34FC5DE9 /* Pods_GeriatricHelper.framework in Frameworks */,
			);
			runOnlyForDeploymentPostprocessing = 0;
		};
/* End PBXFrameworksBuildPhase section */

/* Begin PBXGroup section */
		1D30FADB03B44052958F2311 /* Pods */ = {
			isa = PBXGroup;
			children = (
				3D9ED9CE99D7543CD64D9D6C /* Pods-GeriatricHelper.debug.xcconfig */,
				306436849054F0814DE81659 /* Pods-GeriatricHelper.release.xcconfig */,
			);
			name = Pods;
			sourceTree = "<group>";
		};
		279AA8AABB22F35CEC7F32C2 /* Frameworks */ = {
			isa = PBXGroup;
			children = (
				4EA09AF322E24D40665776C4 /* Pods_GeriatricHelper.framework */,
			);
			name = Frameworks;
			sourceTree = "<group>";
		};
		2B004F981EB1FAB7003A8CD9 /* Others */ = {
			isa = PBXGroup;
			children = (
				2BD0FE8F1ECEFFB80024CBA3 /* SwiftMessagesHelper.swift */,
				2BD0FE911ECF06C60024CBA3 /* StringHelper.swift */,
				2B6B56F91E9FECD000445937 /* AppDelegate.swift */,
				2B6B57051E9FECD000445937 /* Info.plist */,
				2B6B570B1E9FED2400445937 /* GoogleService-Info.plist */,
			);
			name = Others;
			sourceTree = "<group>";
		};
		2B04D5E01F1A620A00D49CBA /* InitialSetup */ = {
			isa = PBXGroup;
			children = (
				2B2B8BA61ECF8D17007BC03B /* InitialSetup.swift */,
			);
			name = InitialSetup;
			sourceTree = "<group>";
		};
		2B0AD7581F1E063A00D8D1C5 /* Settings */ = {
			isa = PBXGroup;
			children = (
				2B0AD7591F1E065600D8D1C5 /* SettingsTableViewController.swift */,
			);
			name = Settings;
			sourceTree = "<group>";
		};
		2B0AD75C1F1E0EF000D8D1C5 /* Intro */ = {
			isa = PBXGroup;
			children = (
				2B5B260E1ECF967300A60F14 /* AppIntro.swift */,
			);
			name = Intro;
			sourceTree = "<group>";
		};
		2B0B7E951F1CCFA300599486 /* Firebase */ = {
			isa = PBXGroup;
			children = (
				2B52C10C1EAFDD3000B5D02E /* FirebaseHelper.swift */,
				2BD6536E1EB093500029F87B /* FirebaseDatabaseHelper.swift */,
				2B77CAB11F163B6D00FD581C /* FirebaseRemoteConfig.swift */,
				2B0B7E961F1CD0BF00599486 /* FirebaseStorageHelper.swift */,
			);
			name = Firebase;
			sourceTree = "<group>";
		};
		2B21ABB81E9FEE0C001D6F66 /* Models */ = {
			isa = PBXGroup;
			children = (
				2BA319C81EA03B2000E7A5C9 /* Patient.swift */,
				2B424FED1EA2A47E0010E4F8 /* Session.swift */,
				2BAF8E571EA518E60011EA87 /* Prescription.swift */,
				2B424FF11EA2AFE50010E4F8 /* GeriatricScale.swift */,
				2BBF33A01EA37A1A008D30EC /* Scoring.swift */,
				2BBF33A21EA37AB6008D30EC /* Grading.swift */,
				2BE0426B1EA2C33A002D485D /* Question.swift */,
				2BBF33A91EA38D1E008D30EC /* Choice.swift */,
				2B21ABBA1E9FEE3A001D6F66 /* User.swift */,
			);
			name = Models;
			sourceTree = "<group>";
		};
		2B21ABBD1E9FEE68001D6F66 /* Controllers */ = {
			isa = PBXGroup;
			children = (
				2BAC89C91EA41CD900EE6CE9 /* MasterDetail */,
				2BBF33A61EA38CB1008D30EC /* Questions */,
				2BE042681EA2C287002D485D /* Scales */,
				2B424FF61EA2BEEC0010E4F8 /* Sessions */,
			);
			name = Controllers;
			sourceTree = "<group>";
		};
		2B242B261EACC62C0029FFF3 /* Helpers */ = {
			isa = PBXGroup;
			children = (
				2BD927CB1EAB7C6900EF1381 /* SessionHelper.swift */,
				2BDBF8AF1ED0E84900F412A2 /* ScaleHelper.swift */,
				2B242B271EACC63A0029FFF3 /* PatientsManagement.swift */,
				2BA7737A1ED1E38200D3E352 /* DatesHandler.swift */,
			);
			name = Helpers;
			sourceTree = "<group>";
		};
		2B424FF51EA2BEDD0010E4F8 /* Patients */ = {
			isa = PBXGroup;
			children = (
				2B616AEE1ED35DCA0056590E /* Progress */,
				2BA773701ED1AA4500D3E352 /* AddPrescriptionViewController.swift */,
				2B59480B1EACB3DD0052EC98 /* Patients.storyboard */,
				2B3BCD4E1EA4F8910025EF6A /* FavoritePatientCellCollectionViewCell.swift */,
				2BB42A031EA045E6002C421C /* PatientProfileViewController.swift */,
				2B14B3001EA0D57400F08C05 /* FavoritePatientsCollectionViewController.swift */,
				2B21ABBE1E9FEE7B001D6F66 /* PatientsListTableViewController.swift */,
				2B424FEB1EA2A3470010E4F8 /* PatientSessionsTableViewController.swift */,
				2B59480D1EACB6170052EC98 /* CreatePatientViewController.swift */,
				2B2D3A101EACDF04007E7A28 /* PatientInfoCard.swift */,
				2B2D3A111EACDF04007E7A28 /* PatientInfoCard.xib */,
			);
			name = Patients;
			sourceTree = "<group>";
		};
		2B424FF61EA2BEEC0010E4F8 /* Sessions */ = {
			isa = PBXGroup;
			children = (
				2BC60BCB1EA52995007F2839 /* ScaleSingleQuestionChoices.swift */,
				2B424FEF1EA2AE930010E4F8 /* SessionScalesViewController.swift */,
				2B424FF31EA2BE5D0010E4F8 /* SessionsTableViewController.swift */,
			);
			name = Sessions;
			sourceTree = "<group>";
		};
		2B4BDD8D1F1CBBD700104D6C /* Scales */ = {
			isa = PBXGroup;
			children = (
				2B7D68461EA6A36700443D59 /* CGAScalesForArea.swift */,
				2BC583551EAE024B00A4D51B /* ScaleTableViewCell.swift */,
				2BC583561EAE024B00A4D51B /* ScaleTableViewCell.xib */,
				2BDB10A91EAD3ED900ACD751 /* PopUpViewController.swift */,
				2BB992661F1F64BB000EE600 /* BMICalculatorPopUpViewController.swift */,
			);
			name = Scales;
			sourceTree = "<group>";
		};
		2B4BDD8E1F1CBC0D00104D6C /* Areas */ = {
			isa = PBXGroup;
			children = (
				2BFAA1511EC9B4920096F71A /* CGAAreaTableViewCell.swift */,
				2BFAA1521EC9B4920096F71A /* CGAAreaTableViewCell.xib */,
				2BFAA14F1EC9AD9F0096F71A /* CGAPublicAreas.swift */,
				2BD0FE931ECF2FC30024CBA3 /* TextPopUpViewController.swift */,
			);
			name = Areas;
			sourceTree = "<group>";
		};
		2B4BDD8F1F1CBC3400104D6C /* YesNoQuestions */ = {
			isa = PBXGroup;
			children = (
				2B4957D11EAE5609009DDF91 /* YesNoQuestionTableViewCell.swift */,
				2B4957D21EAE5609009DDF91 /* YesNoQuestionTableViewCell.xib */,
				2BDB10AF1EAD53CD00ACD751 /* CGAPublicYesNo.swift */,
			);
			name = YesNoQuestions;
			sourceTree = "<group>";
		};
		2B4BDD901F1CBE4C00104D6C /* MultipleQuestions */ = {
			isa = PBXGroup;
			children = (
				2BADFB531EAA6B4400277E8A /* CGAPublicQuestionOptionsViewController.swift */,
				2B50F1751EA9498B00E4B762 /* CGAPublicScalesQuestions.swift */,
			);
			name = MultipleQuestions;
			sourceTree = "<group>";
		};
		2B50F1741EA9497600E4B762 /* PrivateArea */ = {
			isa = PBXGroup;
			children = (
				2B616AE71ED33ED90056590E /* Settings */,
				2B616AF31ED376120056590E /* Charts */,
				2BA773741ED1D03500D3E352 /* ScaleQuestions */,
				2B9BD2B61EFA76090072B854 /* Sessions.storyboard */,
				2B21ABBF1E9FEE7B001D6F66 /* LoginViewController.swift */,
				2B4ADBE11EA54ECE00972332 /* AccountViewController.swift */,
				2B616AE41ED339580056590E /* PrivateArea.storyboard */,
				2BEA8D291EB0A9A2007E284A /* CGAPrivate.storyboard */,
				2BEA8D2B1EB0AAE0007E284A /* CGAPrivateQuestions.swift */,
				2BD6536C1EB092A80029F87B /* CGAPrivateMain.swift */,
				2BE042691EA2C2A1002D485D /* ScalesQuestionsViewController.swift */,
			);
			name = PrivateArea;
			sourceTree = "<group>";
		};
		2B616AE71ED33ED90056590E /* Settings */ = {
			isa = PBXGroup;
			children = (
				2B616AEC1ED33F4A0056590E /* PrivateSettingsTableViewController.swift */,
			);
			name = Settings;
			sourceTree = "<group>";
		};
		2B616AEE1ED35DCA0056590E /* Progress */ = {
			isa = PBXGroup;
			children = (
				2B616AEF1ED35DF10056590E /* ProgressTableViewController.swift */,
				2B616AF11ED3658F0056590E /* BarChartViewController.swift */,
			);
			name = Progress;
			sourceTree = "<group>";
		};
		2B616AF31ED376120056590E /* Charts */ = {
			isa = PBXGroup;
			children = (
				2B616AF41ED376410056590E /* ProgressChartTableViewCell.swift */,
				2B616AF51ED376410056590E /* ProgressChartTableViewCell.xib */,
			);
			name = Charts;
			sourceTree = "<group>";
		};
		2B6B56ED1E9FECD000445937 = {
			isa = PBXGroup;
			children = (
				2BA319C01E9FEFE000E7A5C9 /* GeriatricHelper.entitlements */,
				2B6B56F81E9FECD000445937 /* GeriatricHelper */,
				2B6B56F71E9FECD000445937 /* Products */,
				1D30FADB03B44052958F2311 /* Pods */,
				279AA8AABB22F35CEC7F32C2 /* Frameworks */,
			);
			sourceTree = "<group>";
		};
		2B6B56F71E9FECD000445937 /* Products */ = {
			isa = PBXGroup;
			children = (
				2B6B56F61E9FECD000445937 /* GeriatricHelper.app */,
			);
			name = Products;
			sourceTree = "<group>";
		};
		2B6B56F81E9FECD000445937 /* GeriatricHelper */ = {
			isa = PBXGroup;
			children = (
				2BBF33A41EA3825C008D30EC /* Constants.swift */,
				2B9819ED1EAFC16E00FBF67D /* Main.storyboard */,
				2BA319C31E9FF03100E7A5C9 /* LaunchScreen.xib */,
				2BDB10AD1EAD4D9800ACD751 /* PopOvers.storyboard */,
				2BA23ED91EB1F1330006145F /* TODO.txt */,
				2BA319C11E9FF01E00E7A5C9 /* Images.xcassets */,
				2B0AD75C1F1E0EF000D8D1C5 /* Intro */,
				2B7D68481EA6A37000443D59 /* CGA */,
				2B0AD7581F1E063A00D8D1C5 /* Settings */,
				2B0B7E951F1CCFA300599486 /* Firebase */,
				2B04D5E01F1A620A00D49CBA /* InitialSetup */,
				2BBF33AB1EA39D1E008D30EC /* CGAGuide */,
				2BFD7F081ED472DD005663F0 /* Sessions */,
				2B9671771ED0D786001DDF90 /* PDF */,
				2B004F981EB1FAB7003A8CD9 /* Others */,
				2BAC89C81EA41CCC00EE6CE9 /* Prescriptions */,
				2B424FF51EA2BEDD0010E4F8 /* Patients */,
				2B9819EF1EAFC51300FBF67D /* HelpFeedback */,
				2B50F1741EA9497600E4B762 /* PrivateArea */,
				2BC583521EAE020D00A4D51B /* CustomViews */,
				2B242B261EACC62C0029FFF3 /* Helpers */,
				2B21ABBD1E9FEE68001D6F66 /* Controllers */,
				2B21ABB81E9FEE0C001D6F66 /* Models */,
				2BA1EF761EAFBCCB00270C76 /* Localizable.strings */,
				2BDB10AB1EAD3F7B00ACD751 /* TutorialViewController.swift */,
				2BA7D5E71ECF369F0035D5E3 /* AppIcons.xcassets */,
				2BFD7F091ED473A4005663F0 /* CalendarTutorialViewController.swift */,
			);
			path = GeriatricHelper;
			sourceTree = "<group>";
		};
		2B7D68481EA6A37000443D59 /* CGA */ = {
			isa = PBXGroup;
			children = (
				2B50F1721EA9470800E4B762 /* CGAPublic.storyboard */,
				2B7D684B1EA6ABB200443D59 /* CGAPublicInfo.swift */,
				2BCABC961F192B75002B0741 /* MultipleCategories */,
				2B4BDD901F1CBE4C00104D6C /* MultipleQuestions */,
				2B4BDD8F1F1CBC3400104D6C /* YesNoQuestions */,
				2B4BDD8E1F1CBC0D00104D6C /* Areas */,
				2B4BDD8D1F1CBBD700104D6C /* Scales */,
				2B7D68491EA6A88700443D59 /* CGAScaleSingleChoice.swift */,
				2B74803A1EA932B9006E231E /* ReviewSessionTableViewController.swift */,
			);
			name = CGA;
			sourceTree = "<group>";
		};
		2B9671771ED0D786001DDF90 /* PDF */ = {
			isa = PBXGroup;
			children = (
				2BDBF8A61ED0E13B00F412A2 /* Templates */,
				2B389CC61ED0D9F300C27E6E /* CustomPrintPageRenderer.swift */,
				2B389CC41ED0D9CB00C27E6E /* SessionPDFComposer.swift */,
				2B96717C1ED0D976001DDF90 /* PreviewViewController.swift */,
				2B96717E1ED0D993001DDF90 /* android_pdf.rtf */,
			);
			name = PDF;
			sourceTree = "<group>";
		};
		2B9819EF1EAFC51300FBF67D /* HelpFeedback */ = {
			isa = PBXGroup;
			children = (
				2B9819F21EAFC97B00FBF67D /* Help.storyboard */,
				2B9819F01EAFC53F00FBF67D /* HelpTableViewController.swift */,
				2BD2AC8A1ECDC88B0096AAC9 /* HelpSingleTopic.swift */,
				2BC0AC711ECDE23300EE7300 /* HelpTopics.swift */,
			);
			name = HelpFeedback;
			sourceTree = "<group>";
		};
		2BA773721ED1D00C00D3E352 /* TableCells */ = {
			isa = PBXGroup;
			children = (
				2BC583481EADF30600A4D51B /* TableViewCell1.swift */,
				2BC583491EADF30600A4D51B /* TableViewCell1.xib */,
				2BC5834C1EADF3C000A4D51B /* TableViewCell2.swift */,
				2BC5834D1EADF3C000A4D51B /* TableViewCell2.xib */,
			);
			name = TableCells;
			sourceTree = "<group>";
		};
		2BA773731ED1D02000D3E352 /* PopUps */ = {
			isa = PBXGroup;
			children = (
			);
			name = PopUps;
			sourceTree = "<group>";
		};
		2BA773741ED1D03500D3E352 /* ScaleQuestions */ = {
			isa = PBXGroup;
			children = (
				2BF917F81EB0EB76004EAA5F /* QuestionChoiceTableViewCell.swift */,
				2BF917F91EB0EB76004EAA5F /* QuestionChoiceTableViewCell.xib */,
			);
			name = ScaleQuestions;
			sourceTree = "<group>";
		};
		2BA773751ED1D04C00D3E352 /* PrescriptionsTableViewCells */ = {
			isa = PBXGroup;
			children = (
				2BA773761ED1D0D400D3E352 /* PrescriptionTableViewCell.swift */,
				2BA773771ED1D0D400D3E352 /* PrescriptionTableViewCell.xib */,
			);
			name = PrescriptionsTableViewCells;
			sourceTree = "<group>";
		};
		2BAC89C81EA41CCC00EE6CE9 /* Prescriptions */ = {
			isa = PBXGroup;
			children = (
				2BA773751ED1D04C00D3E352 /* PrescriptionsTableViewCells */,
				2BAC89D31EA4248A00EE6CE9 /* Prescriptions.storyboard */,
				2BAC89CC1EA41E5C00EE6CE9 /* Criteria */,
				2BD6CCF21EA563AF007E10FC /* PrescriptionsViewController.swift */,
				2BAC89CA1EA41D2F00EE6CE9 /* PrescriptionsAllTableViewController.swift */,
				2BAC89D11EA423F200EE6CE9 /* PrescriptionsStopTableViewController.swift */,
			);
			name = Prescriptions;
			sourceTree = "<group>";
		};
		2BAC89C91EA41CD900EE6CE9 /* MasterDetail */ = {
			isa = PBXGroup;
			children = (
				2BAC89C61EA41B9E00EE6CE9 /* MasterDetail.storyboard */,
				2B5636E51EA4067800D8E75C /* MasterViewController.swift */,
				2B5636E71EA406AF00D8E75C /* DetailViewController.swift */,
				2B5636E91EA406D800D8E75C /* Patient2.swift */,
			);
			name = MasterDetail;
			sourceTree = "<group>";
		};
		2BAC89CC1EA41E5C00EE6CE9 /* Criteria */ = {
			isa = PBXGroup;
			children = (
				2BAC89CD1EA41E7200EE6CE9 /* StartCriteria.swift */,
				2BAC89D71EA4259400EE6CE9 /* StoppCriteria.swift */,
				2BAC89CF1EA421B700EE6CE9 /* PrescriptionStart.swift */,
				2BAC89D51EA4257000EE6CE9 /* PrescriptionStopp.swift */,
				2BAC89D91EA4265300EE6CE9 /* Issue.swift */,
			);
			name = Criteria;
			sourceTree = "<group>";
		};
		2BBF33A61EA38CB1008D30EC /* Questions */ = {
			isa = PBXGroup;
			children = (
				2BBF33A71EA38CCE008D30EC /* QuestionOptionsViewController.swift */,
			);
			name = Questions;
			sourceTree = "<group>";
		};
		2BBF33AB1EA39D1E008D30EC /* CGAGuide */ = {
			isa = PBXGroup;
			children = (
				2BF76B0E1F1E42BF002C7AE0 /* Old */,
				2BF76B0D1F1E42B5002C7AE0 /* Areas */,
				2BF76B0C1F1E42AD002C7AE0 /* Scales */,
				2BA1EF6F1EAFBC4B00270C76 /* CGAGuide.storyboard */,
			);
			name = CGAGuide;
			sourceTree = "<group>";
		};
		2BC583521EAE020D00A4D51B /* CustomViews */ = {
			isa = PBXGroup;
			children = (
				2BA773731ED1D02000D3E352 /* PopUps */,
				2BA773721ED1D00C00D3E352 /* TableCells */,
			);
			name = CustomViews;
			sourceTree = "<group>";
		};
		2BCABC961F192B75002B0741 /* MultipleCategories */ = {
			isa = PBXGroup;
			children = (
				2B036ACE1EAE42F900E4E6AA /* QuestionCategory.swift */,
				2B036ACC1EAE3FC900E4E6AA /* CGAPublicMultipleCategories.swift */,
				2B036AD01EAE4AF700E4E6AA /* QuestionCategoryViewController.swift */,
				2BEDA0AD1EAF4D3200EA6772 /* RightWrongQuestionTableViewCell.swift */,
				2BEDA0AE1EAF4D3200EA6772 /* RightWrongQuestionTableViewCell.xib */,
			);
			name = MultipleCategories;
			sourceTree = "<group>";
		};
		2BDBF8A61ED0E13B00F412A2 /* Templates */ = {
			isa = PBXGroup;
			children = (
				2BDBF8A71ED0E19000F412A2 /* invoice.html */,
				2BDBF8A81ED0E19000F412A2 /* last_item.html */,
				2BDBF8A91ED0E19000F412A2 /* single_item.html */,
				2BDBF8AD1ED0E4C300F412A2 /* area.html */,
			);
			name = Templates;
			sourceTree = "<group>";
		};
		2BE042681EA2C287002D485D /* Scales */ = {
			isa = PBXGroup;
			children = (
			);
			name = Scales;
			sourceTree = "<group>";
		};
		2BF76B0C1F1E42AD002C7AE0 /* Scales */ = {
			isa = PBXGroup;
			children = (
				2BF76B0A1F1E41F3002C7AE0 /* CGAGuideScalesForArea.swift */,
			);
			name = Scales;
			sourceTree = "<group>";
		};
		2BF76B0D1F1E42B5002C7AE0 /* Areas */ = {
			isa = PBXGroup;
			children = (
				2B95E3E61F1CC4FE00FEC67F /* CGAGuideAreaCollectionViewCell.swift */,
				2B4BDD911F1CC2B600104D6C /* CGAGuideAreasCollectionViewController.swift */,
			);
			name = Areas;
			sourceTree = "<group>";
		};
		2BF76B0E1F1E42BF002C7AE0 /* Old */ = {
			isa = PBXGroup;
			children = (
				2BBF33AC1EA39D55008D30EC /* CGAScalesTableViewController.swift */,
			);
			name = Old;
			sourceTree = "<group>";
		};
		2BFD7F081ED472DD005663F0 /* Sessions */ = {
			isa = PBXGroup;
			children = (
			);
			name = Sessions;
			sourceTree = "<group>";
		};
/* End PBXGroup section */

/* Begin PBXNativeTarget section */
		2B6B56F51E9FECD000445937 /* GeriatricHelper */ = {
			isa = PBXNativeTarget;
			buildConfigurationList = 2B6B57081E9FECD000445937 /* Build configuration list for PBXNativeTarget "GeriatricHelper" */;
			buildPhases = (
				DFCF437431186299AC32CF75 /* [CP] Check Pods Manifest.lock */,
				2B6B56F21E9FECD000445937 /* Sources */,
				2B6B56F31E9FECD000445937 /* Frameworks */,
				2B6B56F41E9FECD000445937 /* Resources */,
				D1175A85A9E3C90E044DF7C6 /* [CP] Embed Pods Frameworks */,
				4A09544A0206185FD4AB3D7B /* [CP] Copy Pods Resources */,
			);
			buildRules = (
			);
			dependencies = (
			);
			name = GeriatricHelper;
			productName = GeriatricHelper;
			productReference = 2B6B56F61E9FECD000445937 /* GeriatricHelper.app */;
			productType = "com.apple.product-type.application";
		};
/* End PBXNativeTarget section */

/* Begin PBXProject section */
		2B6B56EE1E9FECD000445937 /* Project object */ = {
			isa = PBXProject;
			attributes = {
				LastSwiftUpdateCheck = 0830;
				LastUpgradeCheck = 0830;
				ORGANIZATIONNAME = felgueiras;
				TargetAttributes = {
					2B6B56F51E9FECD000445937 = {
						CreatedOnToolsVersion = 8.3.1;
						DevelopmentTeam = E42H23ZV6F;
						ProvisioningStyle = Automatic;
						SystemCapabilities = {
							com.apple.Keychain = {
								enabled = 1;
							};
						};
					};
				};
			};
			buildConfigurationList = 2B6B56F11E9FECD000445937 /* Build configuration list for PBXProject "GeriatricHelper" */;
			compatibilityVersion = "Xcode 3.2";
			developmentRegion = English;
			hasScannedForEncodings = 0;
			knownRegions = (
				Base,
				"pt-PT",
			);
			mainGroup = 2B6B56ED1E9FECD000445937;
			productRefGroup = 2B6B56F71E9FECD000445937 /* Products */;
			projectDirPath = "";
			projectRoot = "";
			targets = (
				2B6B56F51E9FECD000445937 /* GeriatricHelper */,
			);
		};
/* End PBXProject section */

/* Begin PBXResourcesBuildPhase section */
		2B6B56F41E9FECD000445937 /* Resources */ = {
			isa = PBXResourcesBuildPhase;
			buildActionMask = 2147483647;
			files = (
				2BDB10AE1EAD4D9800ACD751 /* PopOvers.storyboard in Resources */,
				2B9BD2B81EFA76090072B854 /* Sessions.storyboard in Resources */,
				2B59480C1EACB3DD0052EC98 /* Patients.storyboard in Resources */,
				2B2D3A131EACDF04007E7A28 /* PatientInfoCard.xib in Resources */,
				2B96717F1ED0D993001DDF90 /* android_pdf.rtf in Resources */,
				2BEDA0B01EAF4D3200EA6772 /* RightWrongQuestionTableViewCell.xib in Resources */,
				2BDBF8AE1ED0E4C300F412A2 /* area.html in Resources */,
				2B9819F41EAFC97B00FBF67D /* Help.storyboard in Resources */,
				2BA319C51E9FF03100E7A5C9 /* LaunchScreen.xib in Resources */,
				2BA1EF741EAFBCCB00270C76 /* Localizable.strings in Resources */,
				2BA7D5E81ECF369F0035D5E3 /* AppIcons.xcassets in Resources */,
				2BAC89D41EA4248A00EE6CE9 /* Prescriptions.storyboard in Resources */,
				2BC5834B1EADF30600A4D51B /* TableViewCell1.xib in Resources */,
				2B4957D41EAE5609009DDF91 /* YesNoQuestionTableViewCell.xib in Resources */,
				2B616AE61ED339580056590E /* PrivateArea.storyboard in Resources */,
				2BA1EF6D1EAFBC4B00270C76 /* CGAGuide.storyboard in Resources */,
				2BA319C21E9FF01E00E7A5C9 /* Images.xcassets in Resources */,
				2BA773791ED1D0D400D3E352 /* PrescriptionTableViewCell.xib in Resources */,
				2BEA8D2A1EB0A9A2007E284A /* CGAPrivate.storyboard in Resources */,
				2B9819EB1EAFC16E00FBF67D /* Main.storyboard in Resources */,
				2BFAA1541EC9B4920096F71A /* CGAAreaTableViewCell.xib in Resources */,
				2BDBF8AC1ED0E19000F412A2 /* single_item.html in Resources */,
				2B50F1731EA9470800E4B762 /* CGAPublic.storyboard in Resources */,
				2BDBF8AA1ED0E19000F412A2 /* invoice.html in Resources */,
				2BF917FB1EB0EB76004EAA5F /* QuestionChoiceTableViewCell.xib in Resources */,
				2BC5834F1EADF3C000A4D51B /* TableViewCell2.xib in Resources */,
				2BAC89C71EA41B9E00EE6CE9 /* MasterDetail.storyboard in Resources */,
				2BA23EDA1EB1F1330006145F /* TODO.txt in Resources */,
				2BDBF8AB1ED0E19000F412A2 /* last_item.html in Resources */,
				2B616AF71ED376410056590E /* ProgressChartTableViewCell.xib in Resources */,
				2BC583581EAE024B00A4D51B /* ScaleTableViewCell.xib in Resources */,
				2B6B570C1E9FED2400445937 /* GoogleService-Info.plist in Resources */,
			);
			runOnlyForDeploymentPostprocessing = 0;
		};
/* End PBXResourcesBuildPhase section */

/* Begin PBXShellScriptBuildPhase section */
		4A09544A0206185FD4AB3D7B /* [CP] Copy Pods Resources */ = {
			isa = PBXShellScriptBuildPhase;
			buildActionMask = 2147483647;
			files = (
			);
			inputPaths = (
			);
			name = "[CP] Copy Pods Resources";
			outputPaths = (
			);
			runOnlyForDeploymentPostprocessing = 0;
			shellPath = /bin/sh;
			shellScript = "\"${SRCROOT}/Pods/Target Support Files/Pods-GeriatricHelper/Pods-GeriatricHelper-resources.sh\"\n";
			showEnvVarsInLog = 0;
		};
		D1175A85A9E3C90E044DF7C6 /* [CP] Embed Pods Frameworks */ = {
			isa = PBXShellScriptBuildPhase;
			buildActionMask = 2147483647;
			files = (
			);
			inputPaths = (
			);
			name = "[CP] Embed Pods Frameworks";
			outputPaths = (
			);
			runOnlyForDeploymentPostprocessing = 0;
			shellPath = /bin/sh;
			shellScript = "\"${SRCROOT}/Pods/Target Support Files/Pods-GeriatricHelper/Pods-GeriatricHelper-frameworks.sh\"\n";
			showEnvVarsInLog = 0;
		};
		DFCF437431186299AC32CF75 /* [CP] Check Pods Manifest.lock */ = {
			isa = PBXShellScriptBuildPhase;
			buildActionMask = 2147483647;
			files = (
			);
			inputPaths = (
			);
			name = "[CP] Check Pods Manifest.lock";
			outputPaths = (
			);
			runOnlyForDeploymentPostprocessing = 0;
			shellPath = /bin/sh;
			shellScript = "diff \"${PODS_PODFILE_DIR_PATH}/Podfile.lock\" \"${PODS_ROOT}/Manifest.lock\" > /dev/null\nif [ $? != 0 ] ; then\n    # print error to STDERR\n    echo \"error: The sandbox is not in sync with the Podfile.lock. Run 'pod install' or update your CocoaPods installation.\" >&2\n    exit 1\nfi\n";
			showEnvVarsInLog = 0;
		};
/* End PBXShellScriptBuildPhase section */

/* Begin PBXSourcesBuildPhase section */
		2B6B56F21E9FECD000445937 /* Sources */ = {
			isa = PBXSourcesBuildPhase;
			buildActionMask = 2147483647;
			files = (
				2BD0FE901ECEFFB80024CBA3 /* SwiftMessagesHelper.swift in Sources */,
				2B036ACD1EAE3FC900E4E6AA /* CGAPublicMultipleCategories.swift in Sources */,
				2B424FF01EA2AE930010E4F8 /* SessionScalesViewController.swift in Sources */,
				2B036ACF1EAE42F900E4E6AA /* QuestionCategory.swift in Sources */,
				2B21ABC21E9FEE7B001D6F66 /* LoginViewController.swift in Sources */,
				2BC583571EAE024B00A4D51B /* ScaleTableViewCell.swift in Sources */,
				2BD2AC8B1ECDC88B0096AAC9 /* HelpSingleTopic.swift in Sources */,
				2B4ADBE21EA54ECE00972332 /* AccountViewController.swift in Sources */,
				2B4957D31EAE5609009DDF91 /* YesNoQuestionTableViewCell.swift in Sources */,
				2BC5834A1EADF30600A4D51B /* TableViewCell1.swift in Sources */,
				2BAF8E581EA518E60011EA87 /* Prescription.swift in Sources */,
				2BFD7F0A1ED473A4005663F0 /* CalendarTutorialViewController.swift in Sources */,
				2BD0FE921ECF06C60024CBA3 /* StringHelper.swift in Sources */,
				2BAC89D81EA4259400EE6CE9 /* StoppCriteria.swift in Sources */,
				2B616AF01ED35DF10056590E /* ProgressTableViewController.swift in Sources */,
				2BBF33AA1EA38D1E008D30EC /* Choice.swift in Sources */,
				2B21ABBC1E9FEE3A001D6F66 /* User.swift in Sources */,
				2B616AF21ED3658F0056590E /* BarChartViewController.swift in Sources */,
				2B7D68471EA6A36700443D59 /* CGAScalesForArea.swift in Sources */,
				2BDB10AC1EAD3F7B00ACD751 /* TutorialViewController.swift in Sources */,
				2BE0426C1EA2C33A002D485D /* Question.swift in Sources */,
				2BC0AC721ECDE23300EE7300 /* HelpTopics.swift in Sources */,
				2B74803B1EA932B9006E231E /* ReviewSessionTableViewController.swift in Sources */,
				2BADFB541EAA6B4400277E8A /* CGAPublicQuestionOptionsViewController.swift in Sources */,
				2BAC89D21EA423F200EE6CE9 /* PrescriptionsStopTableViewController.swift in Sources */,
				2B389CC71ED0D9F300C27E6E /* CustomPrintPageRenderer.swift in Sources */,
				2B96717D1ED0D976001DDF90 /* PreviewViewController.swift in Sources */,
				2B036AD11EAE4AF700E4E6AA /* QuestionCategoryViewController.swift in Sources */,
				2B95E3E71F1CC4FE00FEC67F /* CGAGuideAreaCollectionViewCell.swift in Sources */,
				2BBF33A11EA37A1A008D30EC /* Scoring.swift in Sources */,
				2BBF33A31EA37AB6008D30EC /* Grading.swift in Sources */,
				2BF917FA1EB0EB76004EAA5F /* QuestionChoiceTableViewCell.swift in Sources */,
				2BFAA1501EC9AD9F0096F71A /* CGAPublicAreas.swift in Sources */,
				2BA773781ED1D0D400D3E352 /* PrescriptionTableViewCell.swift in Sources */,
				2B5636E81EA406AF00D8E75C /* DetailViewController.swift in Sources */,
				2B59480E1EACB6170052EC98 /* CreatePatientViewController.swift in Sources */,
				2B0AD75A1F1E065600D8D1C5 /* SettingsTableViewController.swift in Sources */,
				2B4BDD921F1CC2B600104D6C /* CGAGuideAreasCollectionViewController.swift in Sources */,
				2B7D684C1EA6ABB200443D59 /* CGAPublicInfo.swift in Sources */,
				2B14B3011EA0D57400F08C05 /* FavoritePatientsCollectionViewController.swift in Sources */,
				2B77CAB21F163B6D00FD581C /* FirebaseRemoteConfig.swift in Sources */,
				2BD6536F1EB093500029F87B /* FirebaseDatabaseHelper.swift in Sources */,
				2B21ABC11E9FEE7B001D6F66 /* PatientsListTableViewController.swift in Sources */,
				2BEA8D2C1EB0AAE0007E284A /* CGAPrivateQuestions.swift in Sources */,
				2B5B260F1ECF967300A60F14 /* AppIntro.swift in Sources */,
				2B616AED1ED33F4A0056590E /* PrivateSettingsTableViewController.swift in Sources */,
				2B5636EA1EA406D800D8E75C /* Patient2.swift in Sources */,
				2B7D684A1EA6A88700443D59 /* CGAScaleSingleChoice.swift in Sources */,
				2BAC89DA1EA4265300EE6CE9 /* Issue.swift in Sources */,
				2B389CC51ED0D9CB00C27E6E /* SessionPDFComposer.swift in Sources */,
				2BB42A041EA045E6002C421C /* PatientProfileViewController.swift in Sources */,
				2B242B281EACC63A0029FFF3 /* PatientsManagement.swift in Sources */,
				2B5636E61EA4067800D8E75C /* MasterViewController.swift in Sources */,
				2BD6CCF31EA563AF007E10FC /* PrescriptionsViewController.swift in Sources */,
				2BB992671F1F64BB000EE600 /* BMICalculatorPopUpViewController.swift in Sources */,
				2B50F1761EA9498B00E4B762 /* CGAPublicScalesQuestions.swift in Sources */,
				2BEDA0AF1EAF4D3200EA6772 /* RightWrongQuestionTableViewCell.swift in Sources */,
				2B3BCD4F1EA4F8910025EF6A /* FavoritePatientCellCollectionViewCell.swift in Sources */,
				2BDB10B01EAD53CD00ACD751 /* CGAPublicYesNo.swift in Sources */,
				2BA7737B1ED1E38200D3E352 /* DatesHandler.swift in Sources */,
				2BAC89D01EA421B700EE6CE9 /* PrescriptionStart.swift in Sources */,
				2BBF33A81EA38CCE008D30EC /* QuestionOptionsViewController.swift in Sources */,
				2BA319C91EA03B2000E7A5C9 /* Patient.swift in Sources */,
				2B616AF61ED376410056590E /* ProgressChartTableViewCell.swift in Sources */,
				2BAC89CB1EA41D2F00EE6CE9 /* PrescriptionsAllTableViewController.swift in Sources */,
				2B424FF21EA2AFE50010E4F8 /* GeriatricScale.swift in Sources */,
				2BF76B0B1F1E41F3002C7AE0 /* CGAGuideScalesForArea.swift in Sources */,
				2B424FEE1EA2A47E0010E4F8 /* Session.swift in Sources */,
				2BE0426A1EA2C2A1002D485D /* ScalesQuestionsViewController.swift in Sources */,
				2BC60BCC1EA52995007F2839 /* ScaleSingleQuestionChoices.swift in Sources */,
				2B9819F11EAFC53F00FBF67D /* HelpTableViewController.swift in Sources */,
				2BDB10AA1EAD3ED900ACD751 /* PopUpViewController.swift in Sources */,
				2BAC89CE1EA41E7200EE6CE9 /* StartCriteria.swift in Sources */,
				2B2B8BA71ECF8D17007BC03B /* InitialSetup.swift in Sources */,
				2BBF33A51EA3825C008D30EC /* Constants.swift in Sources */,
				2B2D3A121EACDF04007E7A28 /* PatientInfoCard.swift in Sources */,
				2B0B7E971F1CD0BF00599486 /* FirebaseStorageHelper.swift in Sources */,
				2BD6536D1EB092A80029F87B /* CGAPrivateMain.swift in Sources */,
				2BC5834E1EADF3C000A4D51B /* TableViewCell2.swift in Sources */,
				2BBF33AD1EA39D55008D30EC /* CGAScalesTableViewController.swift in Sources */,
				2BAC89D61EA4257000EE6CE9 /* PrescriptionStopp.swift in Sources */,
				2BDBF8B01ED0E84900F412A2 /* ScaleHelper.swift in Sources */,
				2BA773711ED1AA4500D3E352 /* AddPrescriptionViewController.swift in Sources */,
				2B424FEC1EA2A3470010E4F8 /* PatientSessionsTableViewController.swift in Sources */,
				2BD927CC1EAB7C6900EF1381 /* SessionHelper.swift in Sources */,
				2BD0FE941ECF2FC30024CBA3 /* TextPopUpViewController.swift in Sources */,
				2BFAA1531EC9B4920096F71A /* CGAAreaTableViewCell.swift in Sources */,
				2B6B56FA1E9FECD000445937 /* AppDelegate.swift in Sources */,
				2B52C10D1EAFDD3000B5D02E /* FirebaseHelper.swift in Sources */,
				2B424FF41EA2BE5D0010E4F8 /* SessionsTableViewController.swift in Sources */,
			);
			runOnlyForDeploymentPostprocessing = 0;
		};
/* End PBXSourcesBuildPhase section */

/* Begin PBXVariantGroup section */
		2B616AE41ED339580056590E /* PrivateArea.storyboard */ = {
			isa = PBXVariantGroup;
			children = (
				2B616AE51ED339580056590E /* Base */,
			);
			name = PrivateArea.storyboard;
			sourceTree = "<group>";
		};
		2B9819ED1EAFC16E00FBF67D /* Main.storyboard */ = {
			isa = PBXVariantGroup;
			children = (
				2B9819EC1EAFC16E00FBF67D /* Base */,
			);
			name = Main.storyboard;
			sourceTree = "<group>";
		};
		2B9819F21EAFC97B00FBF67D /* Help.storyboard */ = {
			isa = PBXVariantGroup;
			children = (
				2B9819F31EAFC97B00FBF67D /* Base */,
			);
			name = Help.storyboard;
			sourceTree = "<group>";
		};
		2B9BD2B61EFA76090072B854 /* Sessions.storyboard */ = {
			isa = PBXVariantGroup;
			children = (
				2B9BD2B71EFA76090072B854 /* Base */,
			);
			name = Sessions.storyboard;
			sourceTree = "<group>";
		};
		2BA1EF6F1EAFBC4B00270C76 /* CGAGuide.storyboard */ = {
			isa = PBXVariantGroup;
			children = (
				2BA1EF7E1EAFBEB700270C76 /* pt-PT */,
				2BA1EF7F1EAFBF1500270C76 /* Base */,
			);
			name = CGAGuide.storyboard;
			sourceTree = "<group>";
		};
		2BA1EF761EAFBCCB00270C76 /* Localizable.strings */ = {
			isa = PBXVariantGroup;
			children = (
				2BA1EF771EAFBCCD00270C76 /* pt-PT */,
			);
			name = Localizable.strings;
			sourceTree = "<group>";
		};
/* End PBXVariantGroup section */

/* Begin XCBuildConfiguration section */
		2B6B57061E9FECD000445937 /* Debug */ = {
			isa = XCBuildConfiguration;
			buildSettings = {
				ALWAYS_SEARCH_USER_PATHS = NO;
				CLANG_ANALYZER_LOCALIZABILITY_NONLOCALIZED = YES;
				CLANG_ANALYZER_NONNULL = YES;
				CLANG_ANALYZER_NUMBER_OBJECT_CONVERSION = YES_AGGRESSIVE;
				CLANG_CXX_LANGUAGE_STANDARD = "gnu++0x";
				CLANG_CXX_LIBRARY = "libc++";
				CLANG_ENABLE_MODULES = YES;
				CLANG_ENABLE_OBJC_ARC = YES;
				CLANG_WARN_BOOL_CONVERSION = YES;
				CLANG_WARN_CONSTANT_CONVERSION = YES;
				CLANG_WARN_DIRECT_OBJC_ISA_USAGE = YES_ERROR;
				CLANG_WARN_DOCUMENTATION_COMMENTS = YES;
				CLANG_WARN_EMPTY_BODY = YES;
				CLANG_WARN_ENUM_CONVERSION = YES;
				CLANG_WARN_INFINITE_RECURSION = YES;
				CLANG_WARN_INT_CONVERSION = YES;
				CLANG_WARN_OBJC_ROOT_CLASS = YES_ERROR;
				CLANG_WARN_SUSPICIOUS_MOVE = YES;
				CLANG_WARN_UNREACHABLE_CODE = YES;
				CLANG_WARN__DUPLICATE_METHOD_MATCH = YES;
				"CODE_SIGN_IDENTITY[sdk=iphoneos*]" = "iPhone Developer";
				COPY_PHASE_STRIP = NO;
				DEBUG_INFORMATION_FORMAT = dwarf;
				ENABLE_STRICT_OBJC_MSGSEND = YES;
				ENABLE_TESTABILITY = YES;
				GCC_C_LANGUAGE_STANDARD = gnu99;
				GCC_DYNAMIC_NO_PIC = NO;
				GCC_NO_COMMON_BLOCKS = YES;
				GCC_OPTIMIZATION_LEVEL = 0;
				GCC_PREPROCESSOR_DEFINITIONS = (
					"DEBUG=1",
					"$(inherited)",
				);
				GCC_WARN_64_TO_32_BIT_CONVERSION = YES;
				GCC_WARN_ABOUT_RETURN_TYPE = YES_ERROR;
				GCC_WARN_UNDECLARED_SELECTOR = YES;
				GCC_WARN_UNINITIALIZED_AUTOS = YES_AGGRESSIVE;
				GCC_WARN_UNUSED_FUNCTION = YES;
				GCC_WARN_UNUSED_VARIABLE = YES;
				IPHONEOS_DEPLOYMENT_TARGET = 10.3;
				MTL_ENABLE_DEBUG_INFO = YES;
				ONLY_ACTIVE_ARCH = YES;
				SDKROOT = iphoneos;
				SWIFT_ACTIVE_COMPILATION_CONDITIONS = DEBUG;
				SWIFT_OPTIMIZATION_LEVEL = "-Onone";
			};
			name = Debug;
		};
		2B6B57071E9FECD000445937 /* Release */ = {
			isa = XCBuildConfiguration;
			buildSettings = {
				ALWAYS_SEARCH_USER_PATHS = NO;
				CLANG_ANALYZER_LOCALIZABILITY_NONLOCALIZED = YES;
				CLANG_ANALYZER_NONNULL = YES;
				CLANG_ANALYZER_NUMBER_OBJECT_CONVERSION = YES_AGGRESSIVE;
				CLANG_CXX_LANGUAGE_STANDARD = "gnu++0x";
				CLANG_CXX_LIBRARY = "libc++";
				CLANG_ENABLE_MODULES = YES;
				CLANG_ENABLE_OBJC_ARC = YES;
				CLANG_WARN_BOOL_CONVERSION = YES;
				CLANG_WARN_CONSTANT_CONVERSION = YES;
				CLANG_WARN_DIRECT_OBJC_ISA_USAGE = YES_ERROR;
				CLANG_WARN_DOCUMENTATION_COMMENTS = YES;
				CLANG_WARN_EMPTY_BODY = YES;
				CLANG_WARN_ENUM_CONVERSION = YES;
				CLANG_WARN_INFINITE_RECURSION = YES;
				CLANG_WARN_INT_CONVERSION = YES;
				CLANG_WARN_OBJC_ROOT_CLASS = YES_ERROR;
				CLANG_WARN_SUSPICIOUS_MOVE = YES;
				CLANG_WARN_UNREACHABLE_CODE = YES;
				CLANG_WARN__DUPLICATE_METHOD_MATCH = YES;
				"CODE_SIGN_IDENTITY[sdk=iphoneos*]" = "iPhone Developer";
				COPY_PHASE_STRIP = NO;
				DEBUG_INFORMATION_FORMAT = "dwarf-with-dsym";
				ENABLE_NS_ASSERTIONS = NO;
				ENABLE_STRICT_OBJC_MSGSEND = YES;
				GCC_C_LANGUAGE_STANDARD = gnu99;
				GCC_NO_COMMON_BLOCKS = YES;
				GCC_WARN_64_TO_32_BIT_CONVERSION = YES;
				GCC_WARN_ABOUT_RETURN_TYPE = YES_ERROR;
				GCC_WARN_UNDECLARED_SELECTOR = YES;
				GCC_WARN_UNINITIALIZED_AUTOS = YES_AGGRESSIVE;
				GCC_WARN_UNUSED_FUNCTION = YES;
				GCC_WARN_UNUSED_VARIABLE = YES;
				IPHONEOS_DEPLOYMENT_TARGET = 10.3;
				MTL_ENABLE_DEBUG_INFO = NO;
				SDKROOT = iphoneos;
				SWIFT_OPTIMIZATION_LEVEL = "-Owholemodule";
				VALIDATE_PRODUCT = YES;
			};
			name = Release;
		};
		2B6B57091E9FECD000445937 /* Debug */ = {
			isa = XCBuildConfiguration;
			baseConfigurationReference = 3D9ED9CE99D7543CD64D9D6C /* Pods-GeriatricHelper.debug.xcconfig */;
			buildSettings = {
				ASSETCATALOG_COMPILER_APPICON_NAME = AppIcon;
				ASSETCATALOG_COMPILER_LAUNCHIMAGE_NAME = LaunchImage;
				CODE_SIGN_ENTITLEMENTS = GeriatricHelper/GeriatricHelper.entitlements;
				CODE_SIGN_IDENTITY = "";
				"CODE_SIGN_IDENTITY[sdk=iphoneos*]" = "iPhone Developer";
				DEVELOPMENT_TEAM = E42H23ZV6F;
				INFOPLIST_FILE = GeriatricHelper/Info.plist;
				IPHONEOS_DEPLOYMENT_TARGET = 9.0;
				LD_RUNPATH_SEARCH_PATHS = "$(inherited) @executable_path/Frameworks";
				PRODUCT_BUNDLE_IDENTIFIER = net.felgueiras.GeriatricHelper;
				PRODUCT_NAME = "$(TARGET_NAME)";
				PROVISIONING_PROFILE_SPECIFIER = "";
				SWIFT_VERSION = 3.0;
				TARGETED_DEVICE_FAMILY = "1,2";
			};
			name = Debug;
		};
		2B6B570A1E9FECD000445937 /* Release */ = {
			isa = XCBuildConfiguration;
			baseConfigurationReference = 306436849054F0814DE81659 /* Pods-GeriatricHelper.release.xcconfig */;
			buildSettings = {
				ASSETCATALOG_COMPILER_APPICON_NAME = AppIcon;
				ASSETCATALOG_COMPILER_LAUNCHIMAGE_NAME = LaunchImage;
				CODE_SIGN_ENTITLEMENTS = GeriatricHelper/GeriatricHelper.entitlements;
				CODE_SIGN_IDENTITY = "";
				"CODE_SIGN_IDENTITY[sdk=iphoneos*]" = "iPhone Developer";
				DEVELOPMENT_TEAM = E42H23ZV6F;
				INFOPLIST_FILE = GeriatricHelper/Info.plist;
				IPHONEOS_DEPLOYMENT_TARGET = 9.0;
				LD_RUNPATH_SEARCH_PATHS = "$(inherited) @executable_path/Frameworks";
				PRODUCT_BUNDLE_IDENTIFIER = net.felgueiras.GeriatricHelper;
				PRODUCT_NAME = "$(TARGET_NAME)";
				PROVISIONING_PROFILE_SPECIFIER = "";
				SWIFT_VERSION = 3.0;
				TARGETED_DEVICE_FAMILY = "1,2";
			};
			name = Release;
		};
/* End XCBuildConfiguration section */

/* Begin XCConfigurationList section */
		2B6B56F11E9FECD000445937 /* Build configuration list for PBXProject "GeriatricHelper" */ = {
			isa = XCConfigurationList;
			buildConfigurations = (
				2B6B57061E9FECD000445937 /* Debug */,
				2B6B57071E9FECD000445937 /* Release */,
			);
			defaultConfigurationIsVisible = 0;
			defaultConfigurationName = Release;
		};
		2B6B57081E9FECD000445937 /* Build configuration list for PBXNativeTarget "GeriatricHelper" */ = {
			isa = XCConfigurationList;
			buildConfigurations = (
				2B6B57091E9FECD000445937 /* Debug */,
				2B6B570A1E9FECD000445937 /* Release */,
			);
			defaultConfigurationIsVisible = 0;
			defaultConfigurationName = Release;
		};
/* End XCConfigurationList section */
	};
	rootObject = 2B6B56EE1E9FECD000445937 /* Project object */;
}
